// !$*UTF8*$!
{
	archiveVersion = 1;
	classes = {
	};
	objectVersion = 50;
	objects = {

/* Begin PBXBuildFile section */
		333EBFD725559565008ABFC1 /* AppDelegate.swift in Sources */ = {isa = PBXBuildFile; fileRef = 333EBFD625559565008ABFC1 /* AppDelegate.swift */; };
		333EBFD925559565008ABFC1 /* SceneDelegate.swift in Sources */ = {isa = PBXBuildFile; fileRef = 333EBFD825559565008ABFC1 /* SceneDelegate.swift */; };
		333EBFDB25559565008ABFC1 /* ViewController.swift in Sources */ = {isa = PBXBuildFile; fileRef = 333EBFDA25559565008ABFC1 /* ViewController.swift */; };
		333EBFDE25559565008ABFC1 /* Main.storyboard in Resources */ = {isa = PBXBuildFile; fileRef = 333EBFDC25559565008ABFC1 /* Main.storyboard */; };
		333EBFE025559568008ABFC1 /* Assets.xcassets in Resources */ = {isa = PBXBuildFile; fileRef = 333EBFDF25559568008ABFC1 /* Assets.xcassets */; };
		333EBFE325559568008ABFC1 /* LaunchScreen.storyboard in Resources */ = {isa = PBXBuildFile; fileRef = 333EBFE125559568008ABFC1 /* LaunchScreen.storyboard */; };
		333EBFEC2555975E008ABFC1 /* CollectionCell.swift in Sources */ = {isa = PBXBuildFile; fileRef = 333EBFEB2555975E008ABFC1 /* CollectionCell.swift */; };
		333EBFEF25559A09008ABFC1 /* CustomLocation.swift in Sources */ = {isa = PBXBuildFile; fileRef = 333EBFEE25559A09008ABFC1 /* CustomLocation.swift */; };
/* End PBXBuildFile section */

/* Begin PBXFileReference section */
		333EBFD325559565008ABFC1 /* 06.11_Maps.app */ = {isa = PBXFileReference; explicitFileType = wrapper.application; includeInIndex = 0; path = 06.11_Maps.app; sourceTree = BUILT_PRODUCTS_DIR; };
		333EBFD625559565008ABFC1 /* AppDelegate.swift */ = {isa = PBXFileReference; lastKnownFileType = sourcecode.swift; path = AppDelegate.swift; sourceTree = "<group>"; };
		333EBFD825559565008ABFC1 /* SceneDelegate.swift */ = {isa = PBXFileReference; lastKnownFileType = sourcecode.swift; path = SceneDelegate.swift; sourceTree = "<group>"; };
		333EBFDA25559565008ABFC1 /* ViewController.swift */ = {isa = PBXFileReference; lastKnownFileType = sourcecode.swift; path = ViewController.swift; sourceTree = "<group>"; };
		333EBFDD25559565008ABFC1 /* Base */ = {isa = PBXFileReference; lastKnownFileType = file.storyboard; name = Base; path = Base.lproj/Main.storyboard; sourceTree = "<group>"; };
		333EBFDF25559568008ABFC1 /* Assets.xcassets */ = {isa = PBXFileReference; lastKnownFileType = folder.assetcatalog; path = Assets.xcassets; sourceTree = "<group>"; };
		333EBFE225559568008ABFC1 /* Base */ = {isa = PBXFileReference; lastKnownFileType = file.storyboard; name = Base; path = Base.lproj/LaunchScreen.storyboard; sourceTree = "<group>"; };
		333EBFE425559568008ABFC1 /* Info.plist */ = {isa = PBXFileReference; lastKnownFileType = text.plist.xml; path = Info.plist; sourceTree = "<group>"; };
		333EBFEB2555975E008ABFC1 /* CollectionCell.swift */ = {isa = PBXFileReference; lastKnownFileType = sourcecode.swift; path = CollectionCell.swift; sourceTree = "<group>"; };
		333EBFEE25559A09008ABFC1 /* CustomLocation.swift */ = {isa = PBXFileReference; lastKnownFileType = sourcecode.swift; path = CustomLocation.swift; sourceTree = "<group>"; };
/* End PBXFileReference section */

/* Begin PBXFrameworksBuildPhase section */
		333EBFD025559565008ABFC1 /* Frameworks */ = {
			isa = PBXFrameworksBuildPhase;
			buildActionMask = 2147483647;
			files = (
			);
			runOnlyForDeploymentPostprocessing = 0;
		};
/* End PBXFrameworksBuildPhase section */

/* Begin PBXGroup section */
		333EBFCA25559565008ABFC1 = {
			isa = PBXGroup;
			children = (
				333EBFD525559565008ABFC1 /* 06.11_Maps */,
				333EBFD425559565008ABFC1 /* Products */,
			);
			sourceTree = "<group>";
		};
		333EBFD425559565008ABFC1 /* Products */ = {
			isa = PBXGroup;
			children = (
				333EBFD325559565008ABFC1 /* 06.11_Maps.app */,
			);
			name = Products;
			sourceTree = "<group>";
		};
		333EBFD525559565008ABFC1 /* 06.11_Maps */ = {
			isa = PBXGroup;
			children = (
				333EBFD625559565008ABFC1 /* AppDelegate.swift */,
				333EBFD825559565008ABFC1 /* SceneDelegate.swift */,
				333EBFDA25559565008ABFC1 /* ViewController.swift */,
				333EBFEB2555975E008ABFC1 /* CollectionCell.swift */,
				333EBFEE25559A09008ABFC1 /* CustomLocation.swift */,
				333EBFDC25559565008ABFC1 /* Main.storyboard */,
				333EBFDF25559568008ABFC1 /* Assets.xcassets */,
				333EBFE125559568008ABFC1 /* LaunchScreen.storyboard */,
				333EBFE425559568008ABFC1 /* Info.plist */,
			);
			path = 06.11_Maps;
			sourceTree = "<group>";
		};
/* End PBXGroup section */

/* Begin PBXNativeTarget section */
		333EBFD225559565008ABFC1 /* 06.11_Maps */ = {
			isa = PBXNativeTarget;
			buildConfigurationList = 333EBFE725559568008ABFC1 /* Build configuration list for PBXNativeTarget "06.11_Maps" */;
			buildPhases = (
				333EBFCF25559565008ABFC1 /* Sources */,
				333EBFD025559565008ABFC1 /* Frameworks */,
				333EBFD125559565008ABFC1 /* Resources */,
			);
			buildRules = (
			);
			dependencies = (
			);
			name = 06.11_Maps;
			productName = 06.11_Maps;
			productReference = 333EBFD325559565008ABFC1 /* 06.11_Maps.app */;
			productType = "com.apple.product-type.application";
		};
/* End PBXNativeTarget section */

/* Begin PBXProject section */
		333EBFCB25559565008ABFC1 /* Project object */ = {
			isa = PBXProject;
			attributes = {
				LastSwiftUpdateCheck = 1210;
				LastUpgradeCheck = 1210;
				TargetAttributes = {
					333EBFD225559565008ABFC1 = {
						CreatedOnToolsVersion = 12.1;
					};
				};
			};
			buildConfigurationList = 333EBFCE25559565008ABFC1 /* Build configuration list for PBXProject "06.11_Maps" */;
			compatibilityVersion = "Xcode 9.3";
			developmentRegion = en;
			hasScannedForEncodings = 0;
			knownRegions = (
				en,
				Base,
			);
			mainGroup = 333EBFCA25559565008ABFC1;
			productRefGroup = 333EBFD425559565008ABFC1 /* Products */;
			projectDirPath = "";
			projectRoot = "";
			targets = (
				333EBFD225559565008ABFC1 /* 06.11_Maps */,
			);
		};
/* End PBXProject section */

/* Begin PBXResourcesBuildPhase section */
		333EBFD125559565008ABFC1 /* Resources */ = {
			isa = PBXResourcesBuildPhase;
			buildActionMask = 2147483647;
			files = (
				333EBFE325559568008ABFC1 /* LaunchScreen.storyboard in Resources */,
				333EBFE025559568008ABFC1 /* Assets.xcassets in Resources */,
				333EBFDE25559565008ABFC1 /* Main.storyboard in Resources */,
			);
			runOnlyForDeploymentPostprocessing = 0;
		};
/* End PBXResourcesBuildPhase section */

/* Begin PBXSourcesBuildPhase section */
		333EBFCF25559565008ABFC1 /* Sources */ = {
			isa = PBXSourcesBuildPhase;
			buildActionMask = 2147483647;
			files = (
				333EBFDB25559565008ABFC1 /* ViewController.swift in Sources */,
				333EBFD725559565008ABFC1 /* AppDelegate.swift in Sources */,
				333EBFD925559565008ABFC1 /* SceneDelegate.swift in Sources */,
				333EBFEF25559A09008ABFC1 /* CustomLocation.swift in Sources */,
				333EBFEC2555975E008ABFC1 /* CollectionCell.swift in Sources */,
			);
			runOnlyForDeploymentPostprocessing = 0;
		};
/* End PBXSourcesBuildPhase section */

/* Begin PBXVariantGroup section */
		333EBFDC25559565008ABFC1 /* Main.storyboard */ = {
			isa = PBXVariantGroup;
			children = (
				333EBFDD25559565008ABFC1 /* Base */,
			);
			name = Main.storyboard;
			sourceTree = "<group>";
		};
		333EBFE125559568008ABFC1 /* LaunchScreen.storyboard */ = {
			isa = PBXVariantGroup;
			children = (
				333EBFE225559568008ABFC1 /* Base */,
			);
			name = LaunchScreen.storyboard;
			sourceTree = "<group>";
		};
/* End PBXVariantGroup section */

/* Begin XCBuildConfiguration section */
		333EBFE525559568008ABFC1 /* Debug */ = {
			isa = XCBuildConfiguration;
			buildSettings = {
				ALWAYS_SEARCH_USER_PATHS = NO;
				CLANG_ANALYZER_NONNULL = YES;
				CLANG_ANALYZER_NUMBER_OBJECT_CONVERSION = YES_AGGRESSIVE;
				CLANG_CXX_LANGUAGE_STANDARD = "gnu++14";
				CLANG_CXX_LIBRARY = "libc++";
				CLANG_ENABLE_MODULES = YES;
				CLANG_ENABLE_OBJC_ARC = YES;
				CLANG_ENABLE_OBJC_WEAK = YES;
				CLANG_WARN_BLOCK_CAPTURE_AUTORELEASING = YES;
				CLANG_WARN_BOOL_CONVERSION = YES;
				CLANG_WARN_COMMA = YES;
				CLANG_WARN_CONSTANT_CONVERSION = YES;
				CLANG_WARN_DEPRECATED_OBJC_IMPLEMENTATIONS = YES;
				CLANG_WARN_DIRECT_OBJC_ISA_USAGE = YES_ERROR;
				CLANG_WARN_DOCUMENTATION_COMMENTS = YES;
				CLANG_WARN_EMPTY_BODY = YES;
				CLANG_WARN_ENUM_CONVERSION = YES;
				CLANG_WARN_INFINITE_RECURSION = YES;
				CLANG_WARN_INT_CONVERSION = YES;
				CLANG_WARN_NON_LITERAL_NULL_CONVERSION = YES;
				CLANG_WARN_OBJC_IMPLICIT_RETAIN_SELF = YES;
				CLANG_WARN_OBJC_LITERAL_CONVERSION = YES;
				CLANG_WARN_OBJC_ROOT_CLASS = YES_ERROR;
				CLANG_WARN_QUOTED_INCLUDE_IN_FRAMEWORK_HEADER = YES;
				CLANG_WARN_RANGE_LOOP_ANALYSIS = YES;
				CLANG_WARN_STRICT_PROTOTYPES = YES;
				CLANG_WARN_SUSPICIOUS_MOVE = YES;
				CLANG_WARN_UNGUARDED_AVAILABILITY = YES_AGGRESSIVE;
				CLANG_WARN_UNREACHABLE_CODE = YES;
				CLANG_WARN__DUPLICATE_METHOD_MATCH = YES;
				COPY_PHASE_STRIP = NO;
				DEBUG_INFORMATION_FORMAT = dwarf;
				ENABLE_STRICT_OBJC_MSGSEND = YES;
				ENABLE_TESTABILITY = YES;
				GCC_C_LANGUAGE_STANDARD = gnu11;
				GCC_DYNAMIC_NO_PIC = NO;
				GCC_NO_COMMON_BLOCKS = YES;
				GCC_OPTIMIZATION_LEVEL = 0;
				GCC_PREPROCESSOR_DEFINITIONS = (
					"DEBUG=1",
					"$(inherited)",
				);
				GCC_WARN_64_TO_32_BIT_CONVERSION = YES;
				GCC_WARN_ABOUT_RETURN_TYPE = YES_ERROR;
				GCC_WARN_UNDECLARED_SELECTOR = YES;
				GCC_WARN_UNINITIALIZED_AUTOS = YES_AGGRESSIVE;
				GCC_WARN_UNUSED_FUNCTION = YES;
				GCC_WARN_UNUSED_VARIABLE = YES;
				IPHONEOS_DEPLOYMENT_TARGET = 14.1;
				MTL_ENABLE_DEBUG_INFO = INCLUDE_SOURCE;
				MTL_FAST_MATH = YES;
				ONLY_ACTIVE_ARCH = YES;
				SDKROOT = iphoneos;
				SWIFT_ACTIVE_COMPILATION_CONDITIONS = DEBUG;
				SWIFT_OPTIMIZATION_LEVEL = "-Onone";
			};
			name = Debug;
		};
		333EBFE625559568008ABFC1 /* Release */ = {
			isa = XCBuildConfiguration;
			buildSettings = {
				ALWAYS_SEARCH_USER_PATHS = NO;
				CLANG_ANALYZER_NONNULL = YES;
				CLANG_ANALYZER_NUMBER_OBJECT_CONVERSION = YES_AGGRESSIVE;
				CLANG_CXX_LANGUAGE_STANDARD = "gnu++14";
				CLANG_CXX_LIBRARY = "libc++";
				CLANG_ENABLE_MODULES = YES;
				CLANG_ENABLE_OBJC_ARC = YES;
				CLANG_ENABLE_OBJC_WEAK = YES;
				CLANG_WARN_BLOCK_CAPTURE_AUTORELEASING = YES;
				CLANG_WARN_BOOL_CONVERSION = YES;
				CLANG_WARN_COMMA = YES;
				CLANG_WARN_CONSTANT_CONVERSION = YES;
				CLANG_WARN_DEPRECATED_OBJC_IMPLEMENTATIONS = YES;
				CLANG_WARN_DIRECT_OBJC_ISA_USAGE = YES_ERROR;
				CLANG_WARN_DOCUMENTATION_COMMENTS = YES;
				CLANG_WARN_EMPTY_BODY = YES;
				CLANG_WARN_ENUM_CONVERSION = YES;
				CLANG_WARN_INFINITE_RECURSION = YES;
				CLANG_WARN_INT_CONVERSION = YES;
				CLANG_WARN_NON_LITERAL_NULL_CONVERSION = YES;
				CLANG_WARN_OBJC_IMPLICIT_RETAIN_SELF = YES;
				CLANG_WARN_OBJC_LITERAL_CONVERSION = YES;
				CLANG_WARN_OBJC_ROOT_CLASS = YES_ERROR;
				CLANG_WARN_QUOTED_INCLUDE_IN_FRAMEWORK_HEADER = YES;
				CLANG_WARN_RANGE_LOOP_ANALYSIS = YES;
				CLANG_WARN_STRICT_PROTOTYPES = YES;
				CLANG_WARN_SUSPICIOUS_MOVE = YES;
				CLANG_WARN_UNGUARDED_AVAILABILITY = YES_AGGRESSIVE;
				CLANG_WARN_UNREACHABLE_CODE = YES;
				CLANG_WARN__DUPLICATE_METHOD_MATCH = YES;
				COPY_PHASE_STRIP = NO;
				DEBUG_INFORMATION_FORMAT = "dwarf-with-dsym";
				ENABLE_NS_ASSERTIONS = NO;
				ENABLE_STRICT_OBJC_MSGSEND = YES;
				GCC_C_LANGUAGE_STANDARD = gnu11;
				GCC_NO_COMMON_BLOCKS = YES;
				GCC_WARN_64_TO_32_BIT_CONVERSION = YES;
				GCC_WARN_ABOUT_RETURN_TYPE = YES_ERROR;
				GCC_WARN_UNDECLARED_SELECTOR = YES;
				GCC_WARN_UNINITIALIZED_AUTOS = YES_AGGRESSIVE;
				GCC_WARN_UNUSED_FUNCTION = YES;
				GCC_WARN_UNUSED_VARIABLE = YES;
				IPHONEOS_DEPLOYMENT_TARGET = 14.1;
				MTL_ENABLE_DEBUG_INFO = NO;
				MTL_FAST_MATH = YES;
				SDKROOT = iphoneos;
				SWIFT_COMPILATION_MODE = wholemodule;
				SWIFT_OPTIMIZATION_LEVEL = "-O";
				VALIDATE_PRODUCT = YES;
			};
			name = Release;
		};
		333EBFE825559568008ABFC1 /* Debug */ = {
			isa = XCBuildConfiguration;
			buildSettings = {
				ASSETCATALOG_COMPILER_APPICON_NAME = AppIcon;
				ASSETCATALOG_COMPILER_GLOBAL_ACCENT_COLOR_NAME = AccentColor;
				CODE_SIGN_STYLE = Automatic;
				INFOPLIST_FILE = 06.11_Maps/Info.plist;
				LD_RUNPATH_SEARCH_PATHS = (
					"$(inherited)",
					"@executable_path/Frameworks",
				);
				PRODUCT_BUNDLE_IDENTIFIER = "dominiquenb.-6-11-Maps";
				PRODUCT_NAME = "$(TARGET_NAME)";
				SWIFT_VERSION = 5.0;
				TARGETED_DEVICE_FAMILY = "1,2";
			};
			name = Debug;
		};
		333EBFE925559568008ABFC1 /* Release */ = {
			isa = XCBuildConfiguration;
			buildSettings = {
				ASSETCATALOG_COMPILER_APPICON_NAME = AppIcon;
				ASSETCATALOG_COMPILER_GLOBAL_ACCENT_COLOR_NAME = AccentColor;
				CODE_SIGN_STYLE = Automatic;
				INFOPLIST_FILE = 06.11_Maps/Info.plist;
				LD_RUNPATH_SEARCH_PATHS = (
					"$(inherited)",
					"@executable_path/Frameworks",
				);
				PRODUCT_BUNDLE_IDENTIFIER = "dominiquenb.-6-11-Maps";
				PRODUCT_NAME = "$(TARGET_NAME)";
				SWIFT_VERSION = 5.0;
				TARGETED_DEVICE_FAMILY = "1,2";
			};
			name = Release;
		};
/* End XCBuildConfiguration section */

/* Begin XCConfigurationList section */
		333EBFCE25559565008ABFC1 /* Build configuration list for PBXProject "06.11_Maps" */ = {
			isa = XCConfigurationList;
			buildConfigurations = (
				333EBFE525559568008ABFC1 /* Debug */,
				333EBFE625559568008ABFC1 /* Release */,
			);
			defaultConfigurationIsVisible = 0;
			defaultConfigurationName = Release;
		};
		333EBFE725559568008ABFC1 /* Build configuration list for PBXNativeTarget "06.11_Maps" */ = {
			isa = XCConfigurationList;
			buildConfigurations = (
				333EBFE825559568008ABFC1 /* Debug */,
				333EBFE925559568008ABFC1 /* Release */,
			);
			defaultConfigurationIsVisible = 0;
			defaultConfigurationName = Release;
		};
/* End XCConfigurationList section */
	};
	rootObject = 333EBFCB25559565008ABFC1 /* Project object */;
}
