// !$*UTF8*$!
{
	archiveVersion = 1;
	classes = {
	};
	objectVersion = 50;
	objects = {

/* Begin PBXBuildFile section */
		335B40C825309DC0009F83C1 /* AppDelegate.swift in Sources */ = {isa = PBXBuildFile; fileRef = 335B40C725309DC0009F83C1 /* AppDelegate.swift */; };
		335B40CA25309DC0009F83C1 /* SceneDelegate.swift in Sources */ = {isa = PBXBuildFile; fileRef = 335B40C925309DC0009F83C1 /* SceneDelegate.swift */; };
		335B40CC25309DC0009F83C1 /* ViewController.swift in Sources */ = {isa = PBXBuildFile; fileRef = 335B40CB25309DC0009F83C1 /* ViewController.swift */; };
		335B40CF25309DC0009F83C1 /* Main.storyboard in Resources */ = {isa = PBXBuildFile; fileRef = 335B40CD25309DC0009F83C1 /* Main.storyboard */; };
		335B40D125309DC2009F83C1 /* Assets.xcassets in Resources */ = {isa = PBXBuildFile; fileRef = 335B40D025309DC2009F83C1 /* Assets.xcassets */; };
		335B40D425309DC2009F83C1 /* LaunchScreen.storyboard in Resources */ = {isa = PBXBuildFile; fileRef = 335B40D225309DC2009F83C1 /* LaunchScreen.storyboard */; };
		335B40DD25309DDE009F83C1 /* Hotel.swift in Sources */ = {isa = PBXBuildFile; fileRef = 335B40DC25309DDE009F83C1 /* Hotel.swift */; };
		335B40E02530A03C009F83C1 /* ParqueDasFlores.swift in Sources */ = {isa = PBXBuildFile; fileRef = 335B40DF2530A03C009F83C1 /* ParqueDasFlores.swift */; };
		335B40E32530A149009F83C1 /* JardimBotanico.swift in Sources */ = {isa = PBXBuildFile; fileRef = 335B40E22530A149009F83C1 /* JardimBotanico.swift */; };
		335B40E62530A190009F83C1 /* MarAtlantico.swift in Sources */ = {isa = PBXBuildFile; fileRef = 335B40E52530A190009F83C1 /* MarAtlantico.swift */; };
/* End PBXBuildFile section */

/* Begin PBXFileReference section */
		335B40C425309DC0009F83C1 /* 10.09_DesafioHotel.app */ = {isa = PBXFileReference; explicitFileType = wrapper.application; includeInIndex = 0; path = 10.09_DesafioHotel.app; sourceTree = BUILT_PRODUCTS_DIR; };
		335B40C725309DC0009F83C1 /* AppDelegate.swift */ = {isa = PBXFileReference; lastKnownFileType = sourcecode.swift; path = AppDelegate.swift; sourceTree = "<group>"; };
		335B40C925309DC0009F83C1 /* SceneDelegate.swift */ = {isa = PBXFileReference; lastKnownFileType = sourcecode.swift; path = SceneDelegate.swift; sourceTree = "<group>"; };
		335B40CB25309DC0009F83C1 /* ViewController.swift */ = {isa = PBXFileReference; lastKnownFileType = sourcecode.swift; path = ViewController.swift; sourceTree = "<group>"; };
		335B40CE25309DC0009F83C1 /* Base */ = {isa = PBXFileReference; lastKnownFileType = file.storyboard; name = Base; path = Base.lproj/Main.storyboard; sourceTree = "<group>"; };
		335B40D025309DC2009F83C1 /* Assets.xcassets */ = {isa = PBXFileReference; lastKnownFileType = folder.assetcatalog; path = Assets.xcassets; sourceTree = "<group>"; };
		335B40D325309DC2009F83C1 /* Base */ = {isa = PBXFileReference; lastKnownFileType = file.storyboard; name = Base; path = Base.lproj/LaunchScreen.storyboard; sourceTree = "<group>"; };
		335B40D525309DC2009F83C1 /* Info.plist */ = {isa = PBXFileReference; lastKnownFileType = text.plist.xml; path = Info.plist; sourceTree = "<group>"; };
		335B40DC25309DDE009F83C1 /* Hotel.swift */ = {isa = PBXFileReference; lastKnownFileType = sourcecode.swift; path = Hotel.swift; sourceTree = "<group>"; };
		335B40DF2530A03C009F83C1 /* ParqueDasFlores.swift */ = {isa = PBXFileReference; lastKnownFileType = sourcecode.swift; path = ParqueDasFlores.swift; sourceTree = "<group>"; };
		335B40E22530A149009F83C1 /* JardimBotanico.swift */ = {isa = PBXFileReference; lastKnownFileType = sourcecode.swift; path = JardimBotanico.swift; sourceTree = "<group>"; };
		335B40E52530A190009F83C1 /* MarAtlantico.swift */ = {isa = PBXFileReference; lastKnownFileType = sourcecode.swift; path = MarAtlantico.swift; sourceTree = "<group>"; };
/* End PBXFileReference section */

/* Begin PBXFrameworksBuildPhase section */
		335B40C125309DC0009F83C1 /* Frameworks */ = {
			isa = PBXFrameworksBuildPhase;
			buildActionMask = 2147483647;
			files = (
			);
			runOnlyForDeploymentPostprocessing = 0;
		};
/* End PBXFrameworksBuildPhase section */

/* Begin PBXGroup section */
		335B40BB25309DC0009F83C1 = {
			isa = PBXGroup;
			children = (
				335B40C625309DC0009F83C1 /* 10.09_DesafioHotel */,
				335B40C525309DC0009F83C1 /* Products */,
			);
			sourceTree = "<group>";
		};
		335B40C525309DC0009F83C1 /* Products */ = {
			isa = PBXGroup;
			children = (
				335B40C425309DC0009F83C1 /* 10.09_DesafioHotel.app */,
			);
			name = Products;
			sourceTree = "<group>";
		};
		335B40C625309DC0009F83C1 /* 10.09_DesafioHotel */ = {
			isa = PBXGroup;
			children = (
				335B40C725309DC0009F83C1 /* AppDelegate.swift */,
				335B40C925309DC0009F83C1 /* SceneDelegate.swift */,
				335B40CB25309DC0009F83C1 /* ViewController.swift */,
				335B40CD25309DC0009F83C1 /* Main.storyboard */,
				335B40DC25309DDE009F83C1 /* Hotel.swift */,
				335B40DF2530A03C009F83C1 /* ParqueDasFlores.swift */,
				335B40E22530A149009F83C1 /* JardimBotanico.swift */,
				335B40E52530A190009F83C1 /* MarAtlantico.swift */,
				335B40D025309DC2009F83C1 /* Assets.xcassets */,
				335B40D225309DC2009F83C1 /* LaunchScreen.storyboard */,
				335B40D525309DC2009F83C1 /* Info.plist */,
			);
			path = 10.09_DesafioHotel;
			sourceTree = "<group>";
		};
/* End PBXGroup section */

/* Begin PBXNativeTarget section */
		335B40C325309DC0009F83C1 /* 10.09_DesafioHotel */ = {
			isa = PBXNativeTarget;
			buildConfigurationList = 335B40D825309DC2009F83C1 /* Build configuration list for PBXNativeTarget "10.09_DesafioHotel" */;
			buildPhases = (
				335B40C025309DC0009F83C1 /* Sources */,
				335B40C125309DC0009F83C1 /* Frameworks */,
				335B40C225309DC0009F83C1 /* Resources */,
			);
			buildRules = (
			);
			dependencies = (
			);
			name = 10.09_DesafioHotel;
			productName = 10.09_DesafioHotel;
			productReference = 335B40C425309DC0009F83C1 /* 10.09_DesafioHotel.app */;
			productType = "com.apple.product-type.application";
		};
/* End PBXNativeTarget section */

/* Begin PBXProject section */
		335B40BC25309DC0009F83C1 /* Project object */ = {
			isa = PBXProject;
			attributes = {
				LastSwiftUpdateCheck = 1200;
				LastUpgradeCheck = 1200;
				TargetAttributes = {
					335B40C325309DC0009F83C1 = {
						CreatedOnToolsVersion = 12.0.1;
					};
				};
			};
			buildConfigurationList = 335B40BF25309DC0009F83C1 /* Build configuration list for PBXProject "10.09_DesafioHotel" */;
			compatibilityVersion = "Xcode 9.3";
			developmentRegion = en;
			hasScannedForEncodings = 0;
			knownRegions = (
				en,
				Base,
			);
			mainGroup = 335B40BB25309DC0009F83C1;
			productRefGroup = 335B40C525309DC0009F83C1 /* Products */;
			projectDirPath = "";
			projectRoot = "";
			targets = (
				335B40C325309DC0009F83C1 /* 10.09_DesafioHotel */,
			);
		};
/* End PBXProject section */

/* Begin PBXResourcesBuildPhase section */
		335B40C225309DC0009F83C1 /* Resources */ = {
			isa = PBXResourcesBuildPhase;
			buildActionMask = 2147483647;
			files = (
				335B40D425309DC2009F83C1 /* LaunchScreen.storyboard in Resources */,
				335B40D125309DC2009F83C1 /* Assets.xcassets in Resources */,
				335B40CF25309DC0009F83C1 /* Main.storyboard in Resources */,
			);
			runOnlyForDeploymentPostprocessing = 0;
		};
/* End PBXResourcesBuildPhase section */

/* Begin PBXSourcesBuildPhase section */
		335B40C025309DC0009F83C1 /* Sources */ = {
			isa = PBXSourcesBuildPhase;
			buildActionMask = 2147483647;
			files = (
				335B40CC25309DC0009F83C1 /* ViewController.swift in Sources */,
				335B40C825309DC0009F83C1 /* AppDelegate.swift in Sources */,
				335B40DD25309DDE009F83C1 /* Hotel.swift in Sources */,
				335B40E02530A03C009F83C1 /* ParqueDasFlores.swift in Sources */,
				335B40CA25309DC0009F83C1 /* SceneDelegate.swift in Sources */,
				335B40E32530A149009F83C1 /* JardimBotanico.swift in Sources */,
				335B40E62530A190009F83C1 /* MarAtlantico.swift in Sources */,
			);
			runOnlyForDeploymentPostprocessing = 0;
		};
/* End PBXSourcesBuildPhase section */

/* Begin PBXVariantGroup section */
		335B40CD25309DC0009F83C1 /* Main.storyboard */ = {
			isa = PBXVariantGroup;
			children = (
				335B40CE25309DC0009F83C1 /* Base */,
			);
			name = Main.storyboard;
			sourceTree = "<group>";
		};
		335B40D225309DC2009F83C1 /* LaunchScreen.storyboard */ = {
			isa = PBXVariantGroup;
			children = (
				335B40D325309DC2009F83C1 /* Base */,
			);
			name = LaunchScreen.storyboard;
			sourceTree = "<group>";
		};
/* End PBXVariantGroup section */

/* Begin XCBuildConfiguration section */
		335B40D625309DC2009F83C1 /* Debug */ = {
			isa = XCBuildConfiguration;
			buildSettings = {
				ALWAYS_SEARCH_USER_PATHS = NO;
				CLANG_ANALYZER_NONNULL = YES;
				CLANG_ANALYZER_NUMBER_OBJECT_CONVERSION = YES_AGGRESSIVE;
				CLANG_CXX_LANGUAGE_STANDARD = "gnu++14";
				CLANG_CXX_LIBRARY = "libc++";
				CLANG_ENABLE_MODULES = YES;
				CLANG_ENABLE_OBJC_ARC = YES;
				CLANG_ENABLE_OBJC_WEAK = YES;
				CLANG_WARN_BLOCK_CAPTURE_AUTORELEASING = YES;
				CLANG_WARN_BOOL_CONVERSION = YES;
				CLANG_WARN_COMMA = YES;
				CLANG_WARN_CONSTANT_CONVERSION = YES;
				CLANG_WARN_DEPRECATED_OBJC_IMPLEMENTATIONS = YES;
				CLANG_WARN_DIRECT_OBJC_ISA_USAGE = YES_ERROR;
				CLANG_WARN_DOCUMENTATION_COMMENTS = YES;
				CLANG_WARN_EMPTY_BODY = YES;
				CLANG_WARN_ENUM_CONVERSION = YES;
				CLANG_WARN_INFINITE_RECURSION = YES;
				CLANG_WARN_INT_CONVERSION = YES;
				CLANG_WARN_NON_LITERAL_NULL_CONVERSION = YES;
				CLANG_WARN_OBJC_IMPLICIT_RETAIN_SELF = YES;
				CLANG_WARN_OBJC_LITERAL_CONVERSION = YES;
				CLANG_WARN_OBJC_ROOT_CLASS = YES_ERROR;
				CLANG_WARN_QUOTED_INCLUDE_IN_FRAMEWORK_HEADER = YES;
				CLANG_WARN_RANGE_LOOP_ANALYSIS = YES;
				CLANG_WARN_STRICT_PROTOTYPES = YES;
				CLANG_WARN_SUSPICIOUS_MOVE = YES;
				CLANG_WARN_UNGUARDED_AVAILABILITY = YES_AGGRESSIVE;
				CLANG_WARN_UNREACHABLE_CODE = YES;
				CLANG_WARN__DUPLICATE_METHOD_MATCH = YES;
				COPY_PHASE_STRIP = NO;
				DEBUG_INFORMATION_FORMAT = dwarf;
				ENABLE_STRICT_OBJC_MSGSEND = YES;
				ENABLE_TESTABILITY = YES;
				GCC_C_LANGUAGE_STANDARD = gnu11;
				GCC_DYNAMIC_NO_PIC = NO;
				GCC_NO_COMMON_BLOCKS = YES;
				GCC_OPTIMIZATION_LEVEL = 0;
				GCC_PREPROCESSOR_DEFINITIONS = (
					"DEBUG=1",
					"$(inherited)",
				);
				GCC_WARN_64_TO_32_BIT_CONVERSION = YES;
				GCC_WARN_ABOUT_RETURN_TYPE = YES_ERROR;
				GCC_WARN_UNDECLARED_SELECTOR = YES;
				GCC_WARN_UNINITIALIZED_AUTOS = YES_AGGRESSIVE;
				GCC_WARN_UNUSED_FUNCTION = YES;
				GCC_WARN_UNUSED_VARIABLE = YES;
				IPHONEOS_DEPLOYMENT_TARGET = 14.0;
				MTL_ENABLE_DEBUG_INFO = INCLUDE_SOURCE;
				MTL_FAST_MATH = YES;
				ONLY_ACTIVE_ARCH = YES;
				SDKROOT = iphoneos;
				SWIFT_ACTIVE_COMPILATION_CONDITIONS = DEBUG;
				SWIFT_OPTIMIZATION_LEVEL = "-Onone";
			};
			name = Debug;
		};
		335B40D725309DC2009F83C1 /* Release */ = {
			isa = XCBuildConfiguration;
			buildSettings = {
				ALWAYS_SEARCH_USER_PATHS = NO;
				CLANG_ANALYZER_NONNULL = YES;
				CLANG_ANALYZER_NUMBER_OBJECT_CONVERSION = YES_AGGRESSIVE;
				CLANG_CXX_LANGUAGE_STANDARD = "gnu++14";
				CLANG_CXX_LIBRARY = "libc++";
				CLANG_ENABLE_MODULES = YES;
				CLANG_ENABLE_OBJC_ARC = YES;
				CLANG_ENABLE_OBJC_WEAK = YES;
				CLANG_WARN_BLOCK_CAPTURE_AUTORELEASING = YES;
				CLANG_WARN_BOOL_CONVERSION = YES;
				CLANG_WARN_COMMA = YES;
				CLANG_WARN_CONSTANT_CONVERSION = YES;
				CLANG_WARN_DEPRECATED_OBJC_IMPLEMENTATIONS = YES;
				CLANG_WARN_DIRECT_OBJC_ISA_USAGE = YES_ERROR;
				CLANG_WARN_DOCUMENTATION_COMMENTS = YES;
				CLANG_WARN_EMPTY_BODY = YES;
				CLANG_WARN_ENUM_CONVERSION = YES;
				CLANG_WARN_INFINITE_RECURSION = YES;
				CLANG_WARN_INT_CONVERSION = YES;
				CLANG_WARN_NON_LITERAL_NULL_CONVERSION = YES;
				CLANG_WARN_OBJC_IMPLICIT_RETAIN_SELF = YES;
				CLANG_WARN_OBJC_LITERAL_CONVERSION = YES;
				CLANG_WARN_OBJC_ROOT_CLASS = YES_ERROR;
				CLANG_WARN_QUOTED_INCLUDE_IN_FRAMEWORK_HEADER = YES;
				CLANG_WARN_RANGE_LOOP_ANALYSIS = YES;
				CLANG_WARN_STRICT_PROTOTYPES = YES;
				CLANG_WARN_SUSPICIOUS_MOVE = YES;
				CLANG_WARN_UNGUARDED_AVAILABILITY = YES_AGGRESSIVE;
				CLANG_WARN_UNREACHABLE_CODE = YES;
				CLANG_WARN__DUPLICATE_METHOD_MATCH = YES;
				COPY_PHASE_STRIP = NO;
				DEBUG_INFORMATION_FORMAT = "dwarf-with-dsym";
				ENABLE_NS_ASSERTIONS = NO;
				ENABLE_STRICT_OBJC_MSGSEND = YES;
				GCC_C_LANGUAGE_STANDARD = gnu11;
				GCC_NO_COMMON_BLOCKS = YES;
				GCC_WARN_64_TO_32_BIT_CONVERSION = YES;
				GCC_WARN_ABOUT_RETURN_TYPE = YES_ERROR;
				GCC_WARN_UNDECLARED_SELECTOR = YES;
				GCC_WARN_UNINITIALIZED_AUTOS = YES_AGGRESSIVE;
				GCC_WARN_UNUSED_FUNCTION = YES;
				GCC_WARN_UNUSED_VARIABLE = YES;
				IPHONEOS_DEPLOYMENT_TARGET = 14.0;
				MTL_ENABLE_DEBUG_INFO = NO;
				MTL_FAST_MATH = YES;
				SDKROOT = iphoneos;
				SWIFT_COMPILATION_MODE = wholemodule;
				SWIFT_OPTIMIZATION_LEVEL = "-O";
				VALIDATE_PRODUCT = YES;
			};
			name = Release;
		};
		335B40D925309DC2009F83C1 /* Debug */ = {
			isa = XCBuildConfiguration;
			buildSettings = {
				ASSETCATALOG_COMPILER_APPICON_NAME = AppIcon;
				ASSETCATALOG_COMPILER_GLOBAL_ACCENT_COLOR_NAME = AccentColor;
				CODE_SIGN_STYLE = Automatic;
				INFOPLIST_FILE = 10.09_DesafioHotel/Info.plist;
				LD_RUNPATH_SEARCH_PATHS = (
					"$(inherited)",
					"@executable_path/Frameworks",
				);
				PRODUCT_BUNDLE_IDENTIFIER = "dominiquenb.-0-09-DesafioHotel";
				PRODUCT_NAME = "$(TARGET_NAME)";
				SWIFT_VERSION = 5.0;
				TARGETED_DEVICE_FAMILY = "1,2";
			};
			name = Debug;
		};
		335B40DA25309DC2009F83C1 /* Release */ = {
			isa = XCBuildConfiguration;
			buildSettings = {
				ASSETCATALOG_COMPILER_APPICON_NAME = AppIcon;
				ASSETCATALOG_COMPILER_GLOBAL_ACCENT_COLOR_NAME = AccentColor;
				CODE_SIGN_STYLE = Automatic;
				INFOPLIST_FILE = 10.09_DesafioHotel/Info.plist;
				LD_RUNPATH_SEARCH_PATHS = (
					"$(inherited)",
					"@executable_path/Frameworks",
				);
				PRODUCT_BUNDLE_IDENTIFIER = "dominiquenb.-0-09-DesafioHotel";
				PRODUCT_NAME = "$(TARGET_NAME)";
				SWIFT_VERSION = 5.0;
				TARGETED_DEVICE_FAMILY = "1,2";
			};
			name = Release;
		};
/* End XCBuildConfiguration section */

/* Begin XCConfigurationList section */
		335B40BF25309DC0009F83C1 /* Build configuration list for PBXProject "10.09_DesafioHotel" */ = {
			isa = XCConfigurationList;
			buildConfigurations = (
				335B40D625309DC2009F83C1 /* Debug */,
				335B40D725309DC2009F83C1 /* Release */,
			);
			defaultConfigurationIsVisible = 0;
			defaultConfigurationName = Release;
		};
		335B40D825309DC2009F83C1 /* Build configuration list for PBXNativeTarget "10.09_DesafioHotel" */ = {
			isa = XCConfigurationList;
			buildConfigurations = (
				335B40D925309DC2009F83C1 /* Debug */,
				335B40DA25309DC2009F83C1 /* Release */,
			);
			defaultConfigurationIsVisible = 0;
			defaultConfigurationName = Release;
		};
/* End XCConfigurationList section */
	};
	rootObject = 335B40BC25309DC0009F83C1 /* Project object */;
}
