// !$*UTF8*$!
{
	archiveVersion = 1;
	classes = {
	};
	objectVersion = 50;
	objects = {

/* Begin PBXBuildFile section */
		33250F3225430E2700762EBE /* AppDelegate.swift in Sources */ = {isa = PBXBuildFile; fileRef = 33250F3125430E2700762EBE /* AppDelegate.swift */; };
		33250F3425430E2700762EBE /* SceneDelegate.swift in Sources */ = {isa = PBXBuildFile; fileRef = 33250F3325430E2700762EBE /* SceneDelegate.swift */; };
		33250F3625430E2700762EBE /* ViewController.swift in Sources */ = {isa = PBXBuildFile; fileRef = 33250F3525430E2700762EBE /* ViewController.swift */; };
		33250F3925430E2700762EBE /* Main.storyboard in Resources */ = {isa = PBXBuildFile; fileRef = 33250F3725430E2700762EBE /* Main.storyboard */; };
		33250F3B25430E2900762EBE /* Assets.xcassets in Resources */ = {isa = PBXBuildFile; fileRef = 33250F3A25430E2900762EBE /* Assets.xcassets */; };
		33250F3E25430E2900762EBE /* LaunchScreen.storyboard in Resources */ = {isa = PBXBuildFile; fileRef = 33250F3C25430E2900762EBE /* LaunchScreen.storyboard */; };
		33250F472543104500762EBE /* ItemCell.swift in Sources */ = {isa = PBXBuildFile; fileRef = 33250F462543104500762EBE /* ItemCell.swift */; };
		33250F4A2543124700762EBE /* Video.swift in Sources */ = {isa = PBXBuildFile; fileRef = 33250F492543124700762EBE /* Video.swift */; };
		33250F4E25431BCF00762EBE /* homem_aranha.jpeg in Resources */ = {isa = PBXBuildFile; fileRef = 33250F4D25431BCF00762EBE /* homem_aranha.jpeg */; };
/* End PBXBuildFile section */

/* Begin PBXFileReference section */
		33250F2E25430E2700762EBE /* 23.10_Constraints_Advanced.app */ = {isa = PBXFileReference; explicitFileType = wrapper.application; includeInIndex = 0; path = 23.10_Constraints_Advanced.app; sourceTree = BUILT_PRODUCTS_DIR; };
		33250F3125430E2700762EBE /* AppDelegate.swift */ = {isa = PBXFileReference; lastKnownFileType = sourcecode.swift; path = AppDelegate.swift; sourceTree = "<group>"; };
		33250F3325430E2700762EBE /* SceneDelegate.swift */ = {isa = PBXFileReference; lastKnownFileType = sourcecode.swift; path = SceneDelegate.swift; sourceTree = "<group>"; };
		33250F3525430E2700762EBE /* ViewController.swift */ = {isa = PBXFileReference; lastKnownFileType = sourcecode.swift; path = ViewController.swift; sourceTree = "<group>"; };
		33250F3825430E2700762EBE /* Base */ = {isa = PBXFileReference; lastKnownFileType = file.storyboard; name = Base; path = Base.lproj/Main.storyboard; sourceTree = "<group>"; };
		33250F3A25430E2900762EBE /* Assets.xcassets */ = {isa = PBXFileReference; lastKnownFileType = folder.assetcatalog; path = Assets.xcassets; sourceTree = "<group>"; };
		33250F3D25430E2900762EBE /* Base */ = {isa = PBXFileReference; lastKnownFileType = file.storyboard; name = Base; path = Base.lproj/LaunchScreen.storyboard; sourceTree = "<group>"; };
		33250F3F25430E2900762EBE /* Info.plist */ = {isa = PBXFileReference; lastKnownFileType = text.plist.xml; path = Info.plist; sourceTree = "<group>"; };
		33250F462543104500762EBE /* ItemCell.swift */ = {isa = PBXFileReference; lastKnownFileType = sourcecode.swift; path = ItemCell.swift; sourceTree = "<group>"; };
		33250F492543124700762EBE /* Video.swift */ = {isa = PBXFileReference; lastKnownFileType = sourcecode.swift; path = Video.swift; sourceTree = "<group>"; };
		33250F4D25431BCF00762EBE /* homem_aranha.jpeg */ = {isa = PBXFileReference; lastKnownFileType = image.jpeg; path = homem_aranha.jpeg; sourceTree = "<group>"; };
/* End PBXFileReference section */

/* Begin PBXFrameworksBuildPhase section */
		33250F2B25430E2700762EBE /* Frameworks */ = {
			isa = PBXFrameworksBuildPhase;
			buildActionMask = 2147483647;
			files = (
			);
			runOnlyForDeploymentPostprocessing = 0;
		};
/* End PBXFrameworksBuildPhase section */

/* Begin PBXGroup section */
		33250F2525430E2700762EBE = {
			isa = PBXGroup;
			children = (
				33250F3025430E2700762EBE /* 23.10_Constraints_Advanced */,
				33250F2F25430E2700762EBE /* Products */,
			);
			sourceTree = "<group>";
		};
		33250F2F25430E2700762EBE /* Products */ = {
			isa = PBXGroup;
			children = (
				33250F2E25430E2700762EBE /* 23.10_Constraints_Advanced.app */,
			);
			name = Products;
			sourceTree = "<group>";
		};
		33250F3025430E2700762EBE /* 23.10_Constraints_Advanced */ = {
			isa = PBXGroup;
			children = (
				33250F3125430E2700762EBE /* AppDelegate.swift */,
				33250F3325430E2700762EBE /* SceneDelegate.swift */,
				33250F3525430E2700762EBE /* ViewController.swift */,
				33250F3725430E2700762EBE /* Main.storyboard */,
				33250F3A25430E2900762EBE /* Assets.xcassets */,
				33250F492543124700762EBE /* Video.swift */,
				33250F462543104500762EBE /* ItemCell.swift */,
				33250F3C25430E2900762EBE /* LaunchScreen.storyboard */,
				33250F3F25430E2900762EBE /* Info.plist */,
				33250F4D25431BCF00762EBE /* homem_aranha.jpeg */,
			);
			path = 23.10_Constraints_Advanced;
			sourceTree = "<group>";
		};
/* End PBXGroup section */

/* Begin PBXNativeTarget section */
		33250F2D25430E2700762EBE /* 23.10_Constraints_Advanced */ = {
			isa = PBXNativeTarget;
			buildConfigurationList = 33250F4225430E2900762EBE /* Build configuration list for PBXNativeTarget "23.10_Constraints_Advanced" */;
			buildPhases = (
				33250F2A25430E2700762EBE /* Sources */,
				33250F2B25430E2700762EBE /* Frameworks */,
				33250F2C25430E2700762EBE /* Resources */,
			);
			buildRules = (
			);
			dependencies = (
			);
			name = 23.10_Constraints_Advanced;
			productName = 23.10_Constraints_Advanced;
			productReference = 33250F2E25430E2700762EBE /* 23.10_Constraints_Advanced.app */;
			productType = "com.apple.product-type.application";
		};
/* End PBXNativeTarget section */

/* Begin PBXProject section */
		33250F2625430E2700762EBE /* Project object */ = {
			isa = PBXProject;
			attributes = {
				LastSwiftUpdateCheck = 1200;
				LastUpgradeCheck = 1200;
				TargetAttributes = {
					33250F2D25430E2700762EBE = {
						CreatedOnToolsVersion = 12.0.1;
					};
				};
			};
			buildConfigurationList = 33250F2925430E2700762EBE /* Build configuration list for PBXProject "23.10_Constraints_Advanced" */;
			compatibilityVersion = "Xcode 9.3";
			developmentRegion = en;
			hasScannedForEncodings = 0;
			knownRegions = (
				en,
				Base,
			);
			mainGroup = 33250F2525430E2700762EBE;
			productRefGroup = 33250F2F25430E2700762EBE /* Products */;
			projectDirPath = "";
			projectRoot = "";
			targets = (
				33250F2D25430E2700762EBE /* 23.10_Constraints_Advanced */,
			);
		};
/* End PBXProject section */

/* Begin PBXResourcesBuildPhase section */
		33250F2C25430E2700762EBE /* Resources */ = {
			isa = PBXResourcesBuildPhase;
			buildActionMask = 2147483647;
			files = (
				33250F3E25430E2900762EBE /* LaunchScreen.storyboard in Resources */,
				33250F4E25431BCF00762EBE /* homem_aranha.jpeg in Resources */,
				33250F3B25430E2900762EBE /* Assets.xcassets in Resources */,
				33250F3925430E2700762EBE /* Main.storyboard in Resources */,
			);
			runOnlyForDeploymentPostprocessing = 0;
		};
/* End PBXResourcesBuildPhase section */

/* Begin PBXSourcesBuildPhase section */
		33250F2A25430E2700762EBE /* Sources */ = {
			isa = PBXSourcesBuildPhase;
			buildActionMask = 2147483647;
			files = (
				33250F4A2543124700762EBE /* Video.swift in Sources */,
				33250F472543104500762EBE /* ItemCell.swift in Sources */,
				33250F3625430E2700762EBE /* ViewController.swift in Sources */,
				33250F3225430E2700762EBE /* AppDelegate.swift in Sources */,
				33250F3425430E2700762EBE /* SceneDelegate.swift in Sources */,
			);
			runOnlyForDeploymentPostprocessing = 0;
		};
/* End PBXSourcesBuildPhase section */

/* Begin PBXVariantGroup section */
		33250F3725430E2700762EBE /* Main.storyboard */ = {
			isa = PBXVariantGroup;
			children = (
				33250F3825430E2700762EBE /* Base */,
			);
			name = Main.storyboard;
			sourceTree = "<group>";
		};
		33250F3C25430E2900762EBE /* LaunchScreen.storyboard */ = {
			isa = PBXVariantGroup;
			children = (
				33250F3D25430E2900762EBE /* Base */,
			);
			name = LaunchScreen.storyboard;
			sourceTree = "<group>";
		};
/* End PBXVariantGroup section */

/* Begin XCBuildConfiguration section */
		33250F4025430E2900762EBE /* Debug */ = {
			isa = XCBuildConfiguration;
			buildSettings = {
				ALWAYS_SEARCH_USER_PATHS = NO;
				CLANG_ANALYZER_NONNULL = YES;
				CLANG_ANALYZER_NUMBER_OBJECT_CONVERSION = YES_AGGRESSIVE;
				CLANG_CXX_LANGUAGE_STANDARD = "gnu++14";
				CLANG_CXX_LIBRARY = "libc++";
				CLANG_ENABLE_MODULES = YES;
				CLANG_ENABLE_OBJC_ARC = YES;
				CLANG_ENABLE_OBJC_WEAK = YES;
				CLANG_WARN_BLOCK_CAPTURE_AUTORELEASING = YES;
				CLANG_WARN_BOOL_CONVERSION = YES;
				CLANG_WARN_COMMA = YES;
				CLANG_WARN_CONSTANT_CONVERSION = YES;
				CLANG_WARN_DEPRECATED_OBJC_IMPLEMENTATIONS = YES;
				CLANG_WARN_DIRECT_OBJC_ISA_USAGE = YES_ERROR;
				CLANG_WARN_DOCUMENTATION_COMMENTS = YES;
				CLANG_WARN_EMPTY_BODY = YES;
				CLANG_WARN_ENUM_CONVERSION = YES;
				CLANG_WARN_INFINITE_RECURSION = YES;
				CLANG_WARN_INT_CONVERSION = YES;
				CLANG_WARN_NON_LITERAL_NULL_CONVERSION = YES;
				CLANG_WARN_OBJC_IMPLICIT_RETAIN_SELF = YES;
				CLANG_WARN_OBJC_LITERAL_CONVERSION = YES;
				CLANG_WARN_OBJC_ROOT_CLASS = YES_ERROR;
				CLANG_WARN_QUOTED_INCLUDE_IN_FRAMEWORK_HEADER = YES;
				CLANG_WARN_RANGE_LOOP_ANALYSIS = YES;
				CLANG_WARN_STRICT_PROTOTYPES = YES;
				CLANG_WARN_SUSPICIOUS_MOVE = YES;
				CLANG_WARN_UNGUARDED_AVAILABILITY = YES_AGGRESSIVE;
				CLANG_WARN_UNREACHABLE_CODE = YES;
				CLANG_WARN__DUPLICATE_METHOD_MATCH = YES;
				COPY_PHASE_STRIP = NO;
				DEBUG_INFORMATION_FORMAT = dwarf;
				ENABLE_STRICT_OBJC_MSGSEND = YES;
				ENABLE_TESTABILITY = YES;
				GCC_C_LANGUAGE_STANDARD = gnu11;
				GCC_DYNAMIC_NO_PIC = NO;
				GCC_NO_COMMON_BLOCKS = YES;
				GCC_OPTIMIZATION_LEVEL = 0;
				GCC_PREPROCESSOR_DEFINITIONS = (
					"DEBUG=1",
					"$(inherited)",
				);
				GCC_WARN_64_TO_32_BIT_CONVERSION = YES;
				GCC_WARN_ABOUT_RETURN_TYPE = YES_ERROR;
				GCC_WARN_UNDECLARED_SELECTOR = YES;
				GCC_WARN_UNINITIALIZED_AUTOS = YES_AGGRESSIVE;
				GCC_WARN_UNUSED_FUNCTION = YES;
				GCC_WARN_UNUSED_VARIABLE = YES;
				IPHONEOS_DEPLOYMENT_TARGET = 14.0;
				MTL_ENABLE_DEBUG_INFO = INCLUDE_SOURCE;
				MTL_FAST_MATH = YES;
				ONLY_ACTIVE_ARCH = YES;
				SDKROOT = iphoneos;
				SWIFT_ACTIVE_COMPILATION_CONDITIONS = DEBUG;
				SWIFT_OPTIMIZATION_LEVEL = "-Onone";
			};
			name = Debug;
		};
		33250F4125430E2900762EBE /* Release */ = {
			isa = XCBuildConfiguration;
			buildSettings = {
				ALWAYS_SEARCH_USER_PATHS = NO;
				CLANG_ANALYZER_NONNULL = YES;
				CLANG_ANALYZER_NUMBER_OBJECT_CONVERSION = YES_AGGRESSIVE;
				CLANG_CXX_LANGUAGE_STANDARD = "gnu++14";
				CLANG_CXX_LIBRARY = "libc++";
				CLANG_ENABLE_MODULES = YES;
				CLANG_ENABLE_OBJC_ARC = YES;
				CLANG_ENABLE_OBJC_WEAK = YES;
				CLANG_WARN_BLOCK_CAPTURE_AUTORELEASING = YES;
				CLANG_WARN_BOOL_CONVERSION = YES;
				CLANG_WARN_COMMA = YES;
				CLANG_WARN_CONSTANT_CONVERSION = YES;
				CLANG_WARN_DEPRECATED_OBJC_IMPLEMENTATIONS = YES;
				CLANG_WARN_DIRECT_OBJC_ISA_USAGE = YES_ERROR;
				CLANG_WARN_DOCUMENTATION_COMMENTS = YES;
				CLANG_WARN_EMPTY_BODY = YES;
				CLANG_WARN_ENUM_CONVERSION = YES;
				CLANG_WARN_INFINITE_RECURSION = YES;
				CLANG_WARN_INT_CONVERSION = YES;
				CLANG_WARN_NON_LITERAL_NULL_CONVERSION = YES;
				CLANG_WARN_OBJC_IMPLICIT_RETAIN_SELF = YES;
				CLANG_WARN_OBJC_LITERAL_CONVERSION = YES;
				CLANG_WARN_OBJC_ROOT_CLASS = YES_ERROR;
				CLANG_WARN_QUOTED_INCLUDE_IN_FRAMEWORK_HEADER = YES;
				CLANG_WARN_RANGE_LOOP_ANALYSIS = YES;
				CLANG_WARN_STRICT_PROTOTYPES = YES;
				CLANG_WARN_SUSPICIOUS_MOVE = YES;
				CLANG_WARN_UNGUARDED_AVAILABILITY = YES_AGGRESSIVE;
				CLANG_WARN_UNREACHABLE_CODE = YES;
				CLANG_WARN__DUPLICATE_METHOD_MATCH = YES;
				COPY_PHASE_STRIP = NO;
				DEBUG_INFORMATION_FORMAT = "dwarf-with-dsym";
				ENABLE_NS_ASSERTIONS = NO;
				ENABLE_STRICT_OBJC_MSGSEND = YES;
				GCC_C_LANGUAGE_STANDARD = gnu11;
				GCC_NO_COMMON_BLOCKS = YES;
				GCC_WARN_64_TO_32_BIT_CONVERSION = YES;
				GCC_WARN_ABOUT_RETURN_TYPE = YES_ERROR;
				GCC_WARN_UNDECLARED_SELECTOR = YES;
				GCC_WARN_UNINITIALIZED_AUTOS = YES_AGGRESSIVE;
				GCC_WARN_UNUSED_FUNCTION = YES;
				GCC_WARN_UNUSED_VARIABLE = YES;
				IPHONEOS_DEPLOYMENT_TARGET = 14.0;
				MTL_ENABLE_DEBUG_INFO = NO;
				MTL_FAST_MATH = YES;
				SDKROOT = iphoneos;
				SWIFT_COMPILATION_MODE = wholemodule;
				SWIFT_OPTIMIZATION_LEVEL = "-O";
				VALIDATE_PRODUCT = YES;
			};
			name = Release;
		};
		33250F4325430E2900762EBE /* Debug */ = {
			isa = XCBuildConfiguration;
			buildSettings = {
				ASSETCATALOG_COMPILER_APPICON_NAME = AppIcon;
				ASSETCATALOG_COMPILER_GLOBAL_ACCENT_COLOR_NAME = AccentColor;
				CODE_SIGN_STYLE = Automatic;
				INFOPLIST_FILE = 23.10_Constraints_Advanced/Info.plist;
				LD_RUNPATH_SEARCH_PATHS = (
					"$(inherited)",
					"@executable_path/Frameworks",
				);
				PRODUCT_BUNDLE_IDENTIFIER = "dominiquenb.-3-10-Constraints-Advanced";
				PRODUCT_NAME = "$(TARGET_NAME)";
				SWIFT_VERSION = 5.0;
				TARGETED_DEVICE_FAMILY = "1,2";
			};
			name = Debug;
		};
		33250F4425430E2900762EBE /* Release */ = {
			isa = XCBuildConfiguration;
			buildSettings = {
				ASSETCATALOG_COMPILER_APPICON_NAME = AppIcon;
				ASSETCATALOG_COMPILER_GLOBAL_ACCENT_COLOR_NAME = AccentColor;
				CODE_SIGN_STYLE = Automatic;
				INFOPLIST_FILE = 23.10_Constraints_Advanced/Info.plist;
				LD_RUNPATH_SEARCH_PATHS = (
					"$(inherited)",
					"@executable_path/Frameworks",
				);
				PRODUCT_BUNDLE_IDENTIFIER = "dominiquenb.-3-10-Constraints-Advanced";
				PRODUCT_NAME = "$(TARGET_NAME)";
				SWIFT_VERSION = 5.0;
				TARGETED_DEVICE_FAMILY = "1,2";
			};
			name = Release;
		};
/* End XCBuildConfiguration section */

/* Begin XCConfigurationList section */
		33250F2925430E2700762EBE /* Build configuration list for PBXProject "23.10_Constraints_Advanced" */ = {
			isa = XCConfigurationList;
			buildConfigurations = (
				33250F4025430E2900762EBE /* Debug */,
				33250F4125430E2900762EBE /* Release */,
			);
			defaultConfigurationIsVisible = 0;
			defaultConfigurationName = Release;
		};
		33250F4225430E2900762EBE /* Build configuration list for PBXNativeTarget "23.10_Constraints_Advanced" */ = {
			isa = XCConfigurationList;
			buildConfigurations = (
				33250F4325430E2900762EBE /* Debug */,
				33250F4425430E2900762EBE /* Release */,
			);
			defaultConfigurationIsVisible = 0;
			defaultConfigurationName = Release;
		};
/* End XCConfigurationList section */
	};
	rootObject = 33250F2625430E2700762EBE /* Project object */;
}
