// !$*UTF8*$!
{
	archiveVersion = 1;
	classes = {
	};
	objectVersion = 51;
	objects = {

/* Begin PBXBuildFile section */
		3329A35725646F9E00161819 /* EpisodeDetailsViewController.swift in Sources */ = {isa = PBXBuildFile; fileRef = 3329A35625646F9E00161819 /* EpisodeDetailsViewController.swift */; };
		3329A35B25646FB800161819 /* EpisodeDetails.storyboard in Resources */ = {isa = PBXBuildFile; fileRef = 3329A35A25646FB800161819 /* EpisodeDetails.storyboard */; };
		3329A365256476CC00161819 /* EpisodesListViewController.swift in Sources */ = {isa = PBXBuildFile; fileRef = 3329A364256476CC00161819 /* EpisodesListViewController.swift */; };
		3329A369256476DB00161819 /* EpisodesList.storyboard in Resources */ = {isa = PBXBuildFile; fileRef = 3329A368256476DB00161819 /* EpisodesList.storyboard */; };
		3329A3702564799E00161819 /* EpisodesCell.swift in Sources */ = {isa = PBXBuildFile; fileRef = 3329A36F2564799E00161819 /* EpisodesCell.swift */; };
		3329A37325647D7600161819 /* Episodes.swift in Sources */ = {isa = PBXBuildFile; fileRef = 3329A37225647D7600161819 /* Episodes.swift */; };
		3329A37625647E9600161819 /* EpisodesController.swift in Sources */ = {isa = PBXBuildFile; fileRef = 3329A37525647E9600161819 /* EpisodesController.swift */; };
		33AA2B5B2562B43100AD8336 /* AppDelegate.swift in Sources */ = {isa = PBXBuildFile; fileRef = 33AA2B5A2562B43100AD8336 /* AppDelegate.swift */; };
		33AA2B5D2562B43100AD8336 /* SceneDelegate.swift in Sources */ = {isa = PBXBuildFile; fileRef = 33AA2B5C2562B43100AD8336 /* SceneDelegate.swift */; };
		33AA2B5F2562B43100AD8336 /* ViewController.swift in Sources */ = {isa = PBXBuildFile; fileRef = 33AA2B5E2562B43100AD8336 /* ViewController.swift */; };
		33AA2B622562B43100AD8336 /* Main.storyboard in Resources */ = {isa = PBXBuildFile; fileRef = 33AA2B602562B43100AD8336 /* Main.storyboard */; };
		33AA2B642562B43300AD8336 /* Assets.xcassets in Resources */ = {isa = PBXBuildFile; fileRef = 33AA2B632562B43300AD8336 /* Assets.xcassets */; };
		33AA2B672562B43300AD8336 /* LaunchScreen.storyboard in Resources */ = {isa = PBXBuildFile; fileRef = 33AA2B652562B43300AD8336 /* LaunchScreen.storyboard */; };
		33AA2B732562B4C800AD8336 /* ShowController.swift in Sources */ = {isa = PBXBuildFile; fileRef = 33AA2B722562B4C800AD8336 /* ShowController.swift */; };
		33AA2B762562B80500AD8336 /* Show.swift in Sources */ = {isa = PBXBuildFile; fileRef = 33AA2B752562B80500AD8336 /* Show.swift */; };
		33AA2B792562B89400AD8336 /* Image.swift in Sources */ = {isa = PBXBuildFile; fileRef = 33AA2B782562B89400AD8336 /* Image.swift */; };
		33AA2B7C2562B8AB00AD8336 /* Rating.swift in Sources */ = {isa = PBXBuildFile; fileRef = 33AA2B7B2562B8AB00AD8336 /* Rating.swift */; };
		33AA2B7F2562BA3800AD8336 /* ShowCell.swift in Sources */ = {isa = PBXBuildFile; fileRef = 33AA2B7E2562BA3800AD8336 /* ShowCell.swift */; };
		33DF55192562FFCD008CC69F /* SeasonDetailViewController.swift in Sources */ = {isa = PBXBuildFile; fileRef = 33DF55182562FFCD008CC69F /* SeasonDetailViewController.swift */; };
		33DF551D2562FFDB008CC69F /* SeasonDetail.storyboard in Resources */ = {isa = PBXBuildFile; fileRef = 33DF551C2562FFDB008CC69F /* SeasonDetail.storyboard */; };
		33DF552025630087008CC69F /* SeasonCell.swift in Sources */ = {isa = PBXBuildFile; fileRef = 33DF551F25630087008CC69F /* SeasonCell.swift */; };
		33DF55242563013E008CC69F /* Season.swift in Sources */ = {isa = PBXBuildFile; fileRef = 33DF55232563013E008CC69F /* Season.swift */; };
		33DF5529256302B4008CC69F /* SeasonsController.swift in Sources */ = {isa = PBXBuildFile; fileRef = 33DF5528256302B4008CC69F /* SeasonsController.swift */; };
		CEEEFE9B0FB95ECAC5B2CF95 /* Pods_16_11_TvShows_MVController.framework in Frameworks */ = {isa = PBXBuildFile; fileRef = 4E0C4C9E916A4A9E3CD2C897 /* Pods_16_11_TvShows_MVController.framework */; };
/* End PBXBuildFile section */

/* Begin PBXFileReference section */
		09C46725F13EC4E99FD332A0 /* Pods-16.11_TvShows_MVController.release.xcconfig */ = {isa = PBXFileReference; includeInIndex = 1; lastKnownFileType = text.xcconfig; name = "Pods-16.11_TvShows_MVController.release.xcconfig"; path = "Target Support Files/Pods-16.11_TvShows_MVController/Pods-16.11_TvShows_MVController.release.xcconfig"; sourceTree = "<group>"; };
		3329A35625646F9E00161819 /* EpisodeDetailsViewController.swift */ = {isa = PBXFileReference; lastKnownFileType = sourcecode.swift; path = EpisodeDetailsViewController.swift; sourceTree = "<group>"; };
		3329A35A25646FB800161819 /* EpisodeDetails.storyboard */ = {isa = PBXFileReference; lastKnownFileType = file.storyboard; path = EpisodeDetails.storyboard; sourceTree = "<group>"; };
		3329A364256476CC00161819 /* EpisodesListViewController.swift */ = {isa = PBXFileReference; lastKnownFileType = sourcecode.swift; path = EpisodesListViewController.swift; sourceTree = "<group>"; };
		3329A368256476DB00161819 /* EpisodesList.storyboard */ = {isa = PBXFileReference; lastKnownFileType = file.storyboard; path = EpisodesList.storyboard; sourceTree = "<group>"; };
		3329A36F2564799E00161819 /* EpisodesCell.swift */ = {isa = PBXFileReference; lastKnownFileType = sourcecode.swift; path = EpisodesCell.swift; sourceTree = "<group>"; };
		3329A37225647D7600161819 /* Episodes.swift */ = {isa = PBXFileReference; lastKnownFileType = sourcecode.swift; path = Episodes.swift; sourceTree = "<group>"; };
		3329A37525647E9600161819 /* EpisodesController.swift */ = {isa = PBXFileReference; lastKnownFileType = sourcecode.swift; path = EpisodesController.swift; sourceTree = "<group>"; };
		33AA2B572562B43100AD8336 /* 16.11_TvShows_MVController.app */ = {isa = PBXFileReference; explicitFileType = wrapper.application; includeInIndex = 0; path = 16.11_TvShows_MVController.app; sourceTree = BUILT_PRODUCTS_DIR; };
		33AA2B5A2562B43100AD8336 /* AppDelegate.swift */ = {isa = PBXFileReference; lastKnownFileType = sourcecode.swift; path = AppDelegate.swift; sourceTree = "<group>"; };
		33AA2B5C2562B43100AD8336 /* SceneDelegate.swift */ = {isa = PBXFileReference; lastKnownFileType = sourcecode.swift; path = SceneDelegate.swift; sourceTree = "<group>"; };
		33AA2B5E2562B43100AD8336 /* ViewController.swift */ = {isa = PBXFileReference; lastKnownFileType = sourcecode.swift; path = ViewController.swift; sourceTree = "<group>"; };
		33AA2B612562B43100AD8336 /* Base */ = {isa = PBXFileReference; lastKnownFileType = file.storyboard; name = Base; path = Base.lproj/Main.storyboard; sourceTree = "<group>"; };
		33AA2B632562B43300AD8336 /* Assets.xcassets */ = {isa = PBXFileReference; lastKnownFileType = folder.assetcatalog; path = Assets.xcassets; sourceTree = "<group>"; };
		33AA2B662562B43300AD8336 /* Base */ = {isa = PBXFileReference; lastKnownFileType = file.storyboard; name = Base; path = Base.lproj/LaunchScreen.storyboard; sourceTree = "<group>"; };
		33AA2B682562B43300AD8336 /* Info.plist */ = {isa = PBXFileReference; lastKnownFileType = text.plist.xml; path = Info.plist; sourceTree = "<group>"; };
		33AA2B722562B4C800AD8336 /* ShowController.swift */ = {isa = PBXFileReference; lastKnownFileType = sourcecode.swift; path = ShowController.swift; sourceTree = "<group>"; };
		33AA2B752562B80500AD8336 /* Show.swift */ = {isa = PBXFileReference; lastKnownFileType = sourcecode.swift; path = Show.swift; sourceTree = "<group>"; };
		33AA2B782562B89400AD8336 /* Image.swift */ = {isa = PBXFileReference; lastKnownFileType = sourcecode.swift; path = Image.swift; sourceTree = "<group>"; };
		33AA2B7B2562B8AB00AD8336 /* Rating.swift */ = {isa = PBXFileReference; lastKnownFileType = sourcecode.swift; path = Rating.swift; sourceTree = "<group>"; };
		33AA2B7E2562BA3800AD8336 /* ShowCell.swift */ = {isa = PBXFileReference; lastKnownFileType = sourcecode.swift; path = ShowCell.swift; sourceTree = "<group>"; };
		33DF55182562FFCD008CC69F /* SeasonDetailViewController.swift */ = {isa = PBXFileReference; lastKnownFileType = sourcecode.swift; path = SeasonDetailViewController.swift; sourceTree = "<group>"; };
		33DF551C2562FFDB008CC69F /* SeasonDetail.storyboard */ = {isa = PBXFileReference; lastKnownFileType = file.storyboard; path = SeasonDetail.storyboard; sourceTree = "<group>"; };
		33DF551F25630087008CC69F /* SeasonCell.swift */ = {isa = PBXFileReference; lastKnownFileType = sourcecode.swift; path = SeasonCell.swift; sourceTree = "<group>"; };
		33DF55232563013E008CC69F /* Season.swift */ = {isa = PBXFileReference; lastKnownFileType = sourcecode.swift; path = Season.swift; sourceTree = "<group>"; };
		33DF5528256302B4008CC69F /* SeasonsController.swift */ = {isa = PBXFileReference; lastKnownFileType = sourcecode.swift; path = SeasonsController.swift; sourceTree = "<group>"; };
		4E0C4C9E916A4A9E3CD2C897 /* Pods_16_11_TvShows_MVController.framework */ = {isa = PBXFileReference; explicitFileType = wrapper.framework; includeInIndex = 0; path = Pods_16_11_TvShows_MVController.framework; sourceTree = BUILT_PRODUCTS_DIR; };
		5066BD46832E587FDC7014F7 /* Pods-16.11_TvShows_MVController.debug.xcconfig */ = {isa = PBXFileReference; includeInIndex = 1; lastKnownFileType = text.xcconfig; name = "Pods-16.11_TvShows_MVController.debug.xcconfig"; path = "Target Support Files/Pods-16.11_TvShows_MVController/Pods-16.11_TvShows_MVController.debug.xcconfig"; sourceTree = "<group>"; };
/* End PBXFileReference section */

/* Begin PBXFrameworksBuildPhase section */
		33AA2B542562B43100AD8336 /* Frameworks */ = {
			isa = PBXFrameworksBuildPhase;
			buildActionMask = 2147483647;
			files = (
				CEEEFE9B0FB95ECAC5B2CF95 /* Pods_16_11_TvShows_MVController.framework in Frameworks */,
			);
			runOnlyForDeploymentPostprocessing = 0;
		};
/* End PBXFrameworksBuildPhase section */

/* Begin PBXGroup section */
		3329A35525646F5B00161819 /* EpisodeDetails */ = {
			isa = PBXGroup;
			children = (
				3329A35A25646FB800161819 /* EpisodeDetails.storyboard */,
				3329A35625646F9E00161819 /* EpisodeDetailsViewController.swift */,
			);
			path = EpisodeDetails;
			sourceTree = "<group>";
		};
		3329A3632564767B00161819 /* EpisodesList */ = {
			isa = PBXGroup;
			children = (
				3329A368256476DB00161819 /* EpisodesList.storyboard */,
				3329A364256476CC00161819 /* EpisodesListViewController.swift */,
			);
			path = EpisodesList;
			sourceTree = "<group>";
		};
		33AA2B4E2562B43100AD8336 = {
			isa = PBXGroup;
			children = (
				33AA2B592562B43100AD8336 /* 16.11_TvShows_MVController */,
				33AA2B582562B43100AD8336 /* Products */,
				DC10C2CB280CBA57B839CB8D /* Pods */,
				F924F14216AFCDE8B33E9ED9 /* Frameworks */,
			);
			sourceTree = "<group>";
		};
		33AA2B582562B43100AD8336 /* Products */ = {
			isa = PBXGroup;
			children = (
				33AA2B572562B43100AD8336 /* 16.11_TvShows_MVController.app */,
			);
			name = Products;
			sourceTree = "<group>";
		};
		33AA2B592562B43100AD8336 /* 16.11_TvShows_MVController */ = {
			isa = PBXGroup;
			children = (
				33AA2B5A2562B43100AD8336 /* AppDelegate.swift */,
				33AA2B5C2562B43100AD8336 /* SceneDelegate.swift */,
				33AA2B632562B43300AD8336 /* Assets.xcassets */,
				33AA2B712562B45500AD8336 /* Controller */,
				33AA2B702562B44B00AD8336 /* View */,
				33AA2B6F2562B44100AD8336 /* Model */,
				33AA2B652562B43300AD8336 /* LaunchScreen.storyboard */,
				33AA2B682562B43300AD8336 /* Info.plist */,
			);
			path = 16.11_TvShows_MVController;
			sourceTree = "<group>";
		};
		33AA2B6F2562B44100AD8336 /* Model */ = {
			isa = PBXGroup;
			children = (
				33DF552625630197008CC69F /* Show */,
				33DF55232563013E008CC69F /* Season.swift */,
				3329A37225647D7600161819 /* Episodes.swift */,
			);
			path = Model;
			sourceTree = "<group>";
		};
		33AA2B702562B44B00AD8336 /* View */ = {
			isa = PBXGroup;
			children = (
				33DF552D25630376008CC69F /* Main */,
				33DF55172562FFAC008CC69F /* SeasonDetail */,
				3329A3632564767B00161819 /* EpisodesList */,
				3329A35525646F5B00161819 /* EpisodeDetails */,
			);
			path = View;
			sourceTree = "<group>";
		};
		33AA2B712562B45500AD8336 /* Controller */ = {
			isa = PBXGroup;
			children = (
				33AA2B722562B4C800AD8336 /* ShowController.swift */,
				33DF5528256302B4008CC69F /* SeasonsController.swift */,
				3329A37525647E9600161819 /* EpisodesController.swift */,
				33DF552B2563035C008CC69F /* Cells */,
			);
			path = Controller;
			sourceTree = "<group>";
		};
		33DF55172562FFAC008CC69F /* SeasonDetail */ = {
			isa = PBXGroup;
			children = (
				33DF551C2562FFDB008CC69F /* SeasonDetail.storyboard */,
				33DF55182562FFCD008CC69F /* SeasonDetailViewController.swift */,
			);
			path = SeasonDetail;
			sourceTree = "<group>";
		};
		33DF552625630197008CC69F /* Show */ = {
			isa = PBXGroup;
			children = (
				33AA2B752562B80500AD8336 /* Show.swift */,
				33AA2B782562B89400AD8336 /* Image.swift */,
				33AA2B7B2562B8AB00AD8336 /* Rating.swift */,
			);
			path = Show;
			sourceTree = "<group>";
		};
		33DF552B2563035C008CC69F /* Cells */ = {
			isa = PBXGroup;
			children = (
				33AA2B7E2562BA3800AD8336 /* ShowCell.swift */,
				33DF551F25630087008CC69F /* SeasonCell.swift */,
				3329A36F2564799E00161819 /* EpisodesCell.swift */,
			);
			path = Cells;
			sourceTree = "<group>";
		};
		33DF552D25630376008CC69F /* Main */ = {
			isa = PBXGroup;
			children = (
				33AA2B602562B43100AD8336 /* Main.storyboard */,
				33AA2B5E2562B43100AD8336 /* ViewController.swift */,
			);
			path = Main;
			sourceTree = "<group>";
		};
		DC10C2CB280CBA57B839CB8D /* Pods */ = {
			isa = PBXGroup;
			children = (
				5066BD46832E587FDC7014F7 /* Pods-16.11_TvShows_MVController.debug.xcconfig */,
				09C46725F13EC4E99FD332A0 /* Pods-16.11_TvShows_MVController.release.xcconfig */,
			);
			path = Pods;
			sourceTree = "<group>";
		};
		F924F14216AFCDE8B33E9ED9 /* Frameworks */ = {
			isa = PBXGroup;
			children = (
				4E0C4C9E916A4A9E3CD2C897 /* Pods_16_11_TvShows_MVController.framework */,
			);
			name = Frameworks;
			sourceTree = "<group>";
		};
/* End PBXGroup section */

/* Begin PBXNativeTarget section */
		33AA2B562562B43100AD8336 /* 16.11_TvShows_MVController */ = {
			isa = PBXNativeTarget;
			buildConfigurationList = 33AA2B6B2562B43300AD8336 /* Build configuration list for PBXNativeTarget "16.11_TvShows_MVController" */;
			buildPhases = (
				7870CF18D30F833DE3D8385A /* [CP] Check Pods Manifest.lock */,
				33AA2B532562B43100AD8336 /* Sources */,
				33AA2B542562B43100AD8336 /* Frameworks */,
				33AA2B552562B43100AD8336 /* Resources */,
				EE1CE3060B7A02976838C734 /* [CP] Embed Pods Frameworks */,
			);
			buildRules = (
			);
			dependencies = (
			);
			name = 16.11_TvShows_MVController;
			productName = 16.11_TvShows_MVController;
			productReference = 33AA2B572562B43100AD8336 /* 16.11_TvShows_MVController.app */;
			productType = "com.apple.product-type.application";
		};
/* End PBXNativeTarget section */

/* Begin PBXProject section */
		33AA2B4F2562B43100AD8336 /* Project object */ = {
			isa = PBXProject;
			attributes = {
				LastSwiftUpdateCheck = 1220;
				LastUpgradeCheck = 1220;
				TargetAttributes = {
					33AA2B562562B43100AD8336 = {
						CreatedOnToolsVersion = 12.2;
					};
				};
			};
			buildConfigurationList = 33AA2B522562B43100AD8336 /* Build configuration list for PBXProject "16.11_TvShows_MVController" */;
			compatibilityVersion = "Xcode 9.3";
			developmentRegion = en;
			hasScannedForEncodings = 0;
			knownRegions = (
				en,
				Base,
			);
			mainGroup = 33AA2B4E2562B43100AD8336;
			productRefGroup = 33AA2B582562B43100AD8336 /* Products */;
			projectDirPath = "";
			projectRoot = "";
			targets = (
				33AA2B562562B43100AD8336 /* 16.11_TvShows_MVController */,
			);
		};
/* End PBXProject section */

/* Begin PBXResourcesBuildPhase section */
		33AA2B552562B43100AD8336 /* Resources */ = {
			isa = PBXResourcesBuildPhase;
			buildActionMask = 2147483647;
			files = (
				3329A35B25646FB800161819 /* EpisodeDetails.storyboard in Resources */,
				33AA2B672562B43300AD8336 /* LaunchScreen.storyboard in Resources */,
				3329A369256476DB00161819 /* EpisodesList.storyboard in Resources */,
				33AA2B642562B43300AD8336 /* Assets.xcassets in Resources */,
				33DF551D2562FFDB008CC69F /* SeasonDetail.storyboard in Resources */,
				33AA2B622562B43100AD8336 /* Main.storyboard in Resources */,
			);
			runOnlyForDeploymentPostprocessing = 0;
		};
/* End PBXResourcesBuildPhase section */

/* Begin PBXShellScriptBuildPhase section */
		7870CF18D30F833DE3D8385A /* [CP] Check Pods Manifest.lock */ = {
			isa = PBXShellScriptBuildPhase;
			buildActionMask = 2147483647;
			files = (
			);
			inputFileListPaths = (
			);
			inputPaths = (
				"${PODS_PODFILE_DIR_PATH}/Podfile.lock",
				"${PODS_ROOT}/Manifest.lock",
			);
			name = "[CP] Check Pods Manifest.lock";
			outputFileListPaths = (
			);
			outputPaths = (
				"$(DERIVED_FILE_DIR)/Pods-16.11_TvShows_MVController-checkManifestLockResult.txt",
			);
			runOnlyForDeploymentPostprocessing = 0;
			shellPath = /bin/sh;
			shellScript = "diff \"${PODS_PODFILE_DIR_PATH}/Podfile.lock\" \"${PODS_ROOT}/Manifest.lock\" > /dev/null\nif [ $? != 0 ] ; then\n    # print error to STDERR\n    echo \"error: The sandbox is not in sync with the Podfile.lock. Run 'pod install' or update your CocoaPods installation.\" >&2\n    exit 1\nfi\n# This output is used by Xcode 'outputs' to avoid re-running this script phase.\necho \"SUCCESS\" > \"${SCRIPT_OUTPUT_FILE_0}\"\n";
			showEnvVarsInLog = 0;
		};
		EE1CE3060B7A02976838C734 /* [CP] Embed Pods Frameworks */ = {
			isa = PBXShellScriptBuildPhase;
			buildActionMask = 2147483647;
			files = (
			);
			inputFileListPaths = (
				"${PODS_ROOT}/Target Support Files/Pods-16.11_TvShows_MVController/Pods-16.11_TvShows_MVController-frameworks-${CONFIGURATION}-input-files.xcfilelist",
			);
			name = "[CP] Embed Pods Frameworks";
			outputFileListPaths = (
				"${PODS_ROOT}/Target Support Files/Pods-16.11_TvShows_MVController/Pods-16.11_TvShows_MVController-frameworks-${CONFIGURATION}-output-files.xcfilelist",
			);
			runOnlyForDeploymentPostprocessing = 0;
			shellPath = /bin/sh;
			shellScript = "\"${PODS_ROOT}/Target Support Files/Pods-16.11_TvShows_MVController/Pods-16.11_TvShows_MVController-frameworks.sh\"\n";
			showEnvVarsInLog = 0;
		};
/* End PBXShellScriptBuildPhase section */

/* Begin PBXSourcesBuildPhase section */
		33AA2B532562B43100AD8336 /* Sources */ = {
			isa = PBXSourcesBuildPhase;
			buildActionMask = 2147483647;
			files = (
				33AA2B5F2562B43100AD8336 /* ViewController.swift in Sources */,
				33AA2B792562B89400AD8336 /* Image.swift in Sources */,
				33DF552025630087008CC69F /* SeasonCell.swift in Sources */,
				33DF5529256302B4008CC69F /* SeasonsController.swift in Sources */,
				3329A365256476CC00161819 /* EpisodesListViewController.swift in Sources */,
				3329A37325647D7600161819 /* Episodes.swift in Sources */,
				33AA2B7F2562BA3800AD8336 /* ShowCell.swift in Sources */,
				33AA2B5B2562B43100AD8336 /* AppDelegate.swift in Sources */,
				33DF55242563013E008CC69F /* Season.swift in Sources */,
				3329A3702564799E00161819 /* EpisodesCell.swift in Sources */,
				33AA2B5D2562B43100AD8336 /* SceneDelegate.swift in Sources */,
				33AA2B762562B80500AD8336 /* Show.swift in Sources */,
				33AA2B732562B4C800AD8336 /* ShowController.swift in Sources */,
				3329A37625647E9600161819 /* EpisodesController.swift in Sources */,
				33AA2B7C2562B8AB00AD8336 /* Rating.swift in Sources */,
				3329A35725646F9E00161819 /* EpisodeDetailsViewController.swift in Sources */,
				33DF55192562FFCD008CC69F /* SeasonDetailViewController.swift in Sources */,
			);
			runOnlyForDeploymentPostprocessing = 0;
		};
/* End PBXSourcesBuildPhase section */

/* Begin PBXVariantGroup section */
		33AA2B602562B43100AD8336 /* Main.storyboard */ = {
			isa = PBXVariantGroup;
			children = (
				33AA2B612562B43100AD8336 /* Base */,
			);
			name = Main.storyboard;
			sourceTree = "<group>";
		};
		33AA2B652562B43300AD8336 /* LaunchScreen.storyboard */ = {
			isa = PBXVariantGroup;
			children = (
				33AA2B662562B43300AD8336 /* Base */,
			);
			name = LaunchScreen.storyboard;
			sourceTree = "<group>";
		};
/* End PBXVariantGroup section */

/* Begin XCBuildConfiguration section */
		33AA2B692562B43300AD8336 /* Debug */ = {
			isa = XCBuildConfiguration;
			buildSettings = {
				ALWAYS_SEARCH_USER_PATHS = NO;
				CLANG_ANALYZER_NONNULL = YES;
				CLANG_ANALYZER_NUMBER_OBJECT_CONVERSION = YES_AGGRESSIVE;
				CLANG_CXX_LANGUAGE_STANDARD = "gnu++14";
				CLANG_CXX_LIBRARY = "libc++";
				CLANG_ENABLE_MODULES = YES;
				CLANG_ENABLE_OBJC_ARC = YES;
				CLANG_ENABLE_OBJC_WEAK = YES;
				CLANG_WARN_BLOCK_CAPTURE_AUTORELEASING = YES;
				CLANG_WARN_BOOL_CONVERSION = YES;
				CLANG_WARN_COMMA = YES;
				CLANG_WARN_CONSTANT_CONVERSION = YES;
				CLANG_WARN_DEPRECATED_OBJC_IMPLEMENTATIONS = YES;
				CLANG_WARN_DIRECT_OBJC_ISA_USAGE = YES_ERROR;
				CLANG_WARN_DOCUMENTATION_COMMENTS = YES;
				CLANG_WARN_EMPTY_BODY = YES;
				CLANG_WARN_ENUM_CONVERSION = YES;
				CLANG_WARN_INFINITE_RECURSION = YES;
				CLANG_WARN_INT_CONVERSION = YES;
				CLANG_WARN_NON_LITERAL_NULL_CONVERSION = YES;
				CLANG_WARN_OBJC_IMPLICIT_RETAIN_SELF = YES;
				CLANG_WARN_OBJC_LITERAL_CONVERSION = YES;
				CLANG_WARN_OBJC_ROOT_CLASS = YES_ERROR;
				CLANG_WARN_QUOTED_INCLUDE_IN_FRAMEWORK_HEADER = YES;
				CLANG_WARN_RANGE_LOOP_ANALYSIS = YES;
				CLANG_WARN_STRICT_PROTOTYPES = YES;
				CLANG_WARN_SUSPICIOUS_MOVE = YES;
				CLANG_WARN_UNGUARDED_AVAILABILITY = YES_AGGRESSIVE;
				CLANG_WARN_UNREACHABLE_CODE = YES;
				CLANG_WARN__DUPLICATE_METHOD_MATCH = YES;
				COPY_PHASE_STRIP = NO;
				DEBUG_INFORMATION_FORMAT = dwarf;
				ENABLE_STRICT_OBJC_MSGSEND = YES;
				ENABLE_TESTABILITY = YES;
				GCC_C_LANGUAGE_STANDARD = gnu11;
				GCC_DYNAMIC_NO_PIC = NO;
				GCC_NO_COMMON_BLOCKS = YES;
				GCC_OPTIMIZATION_LEVEL = 0;
				GCC_PREPROCESSOR_DEFINITIONS = (
					"DEBUG=1",
					"$(inherited)",
				);
				GCC_WARN_64_TO_32_BIT_CONVERSION = YES;
				GCC_WARN_ABOUT_RETURN_TYPE = YES_ERROR;
				GCC_WARN_UNDECLARED_SELECTOR = YES;
				GCC_WARN_UNINITIALIZED_AUTOS = YES_AGGRESSIVE;
				GCC_WARN_UNUSED_FUNCTION = YES;
				GCC_WARN_UNUSED_VARIABLE = YES;
				IPHONEOS_DEPLOYMENT_TARGET = 14.2;
				MTL_ENABLE_DEBUG_INFO = INCLUDE_SOURCE;
				MTL_FAST_MATH = YES;
				ONLY_ACTIVE_ARCH = YES;
				SDKROOT = iphoneos;
				SWIFT_ACTIVE_COMPILATION_CONDITIONS = DEBUG;
				SWIFT_OPTIMIZATION_LEVEL = "-Onone";
			};
			name = Debug;
		};
		33AA2B6A2562B43300AD8336 /* Release */ = {
			isa = XCBuildConfiguration;
			buildSettings = {
				ALWAYS_SEARCH_USER_PATHS = NO;
				CLANG_ANALYZER_NONNULL = YES;
				CLANG_ANALYZER_NUMBER_OBJECT_CONVERSION = YES_AGGRESSIVE;
				CLANG_CXX_LANGUAGE_STANDARD = "gnu++14";
				CLANG_CXX_LIBRARY = "libc++";
				CLANG_ENABLE_MODULES = YES;
				CLANG_ENABLE_OBJC_ARC = YES;
				CLANG_ENABLE_OBJC_WEAK = YES;
				CLANG_WARN_BLOCK_CAPTURE_AUTORELEASING = YES;
				CLANG_WARN_BOOL_CONVERSION = YES;
				CLANG_WARN_COMMA = YES;
				CLANG_WARN_CONSTANT_CONVERSION = YES;
				CLANG_WARN_DEPRECATED_OBJC_IMPLEMENTATIONS = YES;
				CLANG_WARN_DIRECT_OBJC_ISA_USAGE = YES_ERROR;
				CLANG_WARN_DOCUMENTATION_COMMENTS = YES;
				CLANG_WARN_EMPTY_BODY = YES;
				CLANG_WARN_ENUM_CONVERSION = YES;
				CLANG_WARN_INFINITE_RECURSION = YES;
				CLANG_WARN_INT_CONVERSION = YES;
				CLANG_WARN_NON_LITERAL_NULL_CONVERSION = YES;
				CLANG_WARN_OBJC_IMPLICIT_RETAIN_SELF = YES;
				CLANG_WARN_OBJC_LITERAL_CONVERSION = YES;
				CLANG_WARN_OBJC_ROOT_CLASS = YES_ERROR;
				CLANG_WARN_QUOTED_INCLUDE_IN_FRAMEWORK_HEADER = YES;
				CLANG_WARN_RANGE_LOOP_ANALYSIS = YES;
				CLANG_WARN_STRICT_PROTOTYPES = YES;
				CLANG_WARN_SUSPICIOUS_MOVE = YES;
				CLANG_WARN_UNGUARDED_AVAILABILITY = YES_AGGRESSIVE;
				CLANG_WARN_UNREACHABLE_CODE = YES;
				CLANG_WARN__DUPLICATE_METHOD_MATCH = YES;
				COPY_PHASE_STRIP = NO;
				DEBUG_INFORMATION_FORMAT = "dwarf-with-dsym";
				ENABLE_NS_ASSERTIONS = NO;
				ENABLE_STRICT_OBJC_MSGSEND = YES;
				GCC_C_LANGUAGE_STANDARD = gnu11;
				GCC_NO_COMMON_BLOCKS = YES;
				GCC_WARN_64_TO_32_BIT_CONVERSION = YES;
				GCC_WARN_ABOUT_RETURN_TYPE = YES_ERROR;
				GCC_WARN_UNDECLARED_SELECTOR = YES;
				GCC_WARN_UNINITIALIZED_AUTOS = YES_AGGRESSIVE;
				GCC_WARN_UNUSED_FUNCTION = YES;
				GCC_WARN_UNUSED_VARIABLE = YES;
				IPHONEOS_DEPLOYMENT_TARGET = 14.2;
				MTL_ENABLE_DEBUG_INFO = NO;
				MTL_FAST_MATH = YES;
				SDKROOT = iphoneos;
				SWIFT_COMPILATION_MODE = wholemodule;
				SWIFT_OPTIMIZATION_LEVEL = "-O";
				VALIDATE_PRODUCT = YES;
			};
			name = Release;
		};
		33AA2B6C2562B43300AD8336 /* Debug */ = {
			isa = XCBuildConfiguration;
			baseConfigurationReference = 5066BD46832E587FDC7014F7 /* Pods-16.11_TvShows_MVController.debug.xcconfig */;
			buildSettings = {
				ASSETCATALOG_COMPILER_APPICON_NAME = AppIcon;
				ASSETCATALOG_COMPILER_GLOBAL_ACCENT_COLOR_NAME = AccentColor;
				CODE_SIGN_STYLE = Automatic;
				INFOPLIST_FILE = 16.11_TvShows_MVController/Info.plist;
				LD_RUNPATH_SEARCH_PATHS = (
					"$(inherited)",
					"@executable_path/Frameworks",
				);
				PRODUCT_BUNDLE_IDENTIFIER = "dominiquenb.-6-11-TvShows-MVController";
				PRODUCT_NAME = "$(TARGET_NAME)";
				SWIFT_VERSION = 5.0;
				TARGETED_DEVICE_FAMILY = "1,2";
			};
			name = Debug;
		};
		33AA2B6D2562B43300AD8336 /* Release */ = {
			isa = XCBuildConfiguration;
			baseConfigurationReference = 09C46725F13EC4E99FD332A0 /* Pods-16.11_TvShows_MVController.release.xcconfig */;
			buildSettings = {
				ASSETCATALOG_COMPILER_APPICON_NAME = AppIcon;
				ASSETCATALOG_COMPILER_GLOBAL_ACCENT_COLOR_NAME = AccentColor;
				CODE_SIGN_STYLE = Automatic;
				INFOPLIST_FILE = 16.11_TvShows_MVController/Info.plist;
				LD_RUNPATH_SEARCH_PATHS = (
					"$(inherited)",
					"@executable_path/Frameworks",
				);
				PRODUCT_BUNDLE_IDENTIFIER = "dominiquenb.-6-11-TvShows-MVController";
				PRODUCT_NAME = "$(TARGET_NAME)";
				SWIFT_VERSION = 5.0;
				TARGETED_DEVICE_FAMILY = "1,2";
			};
			name = Release;
		};
/* End XCBuildConfiguration section */

/* Begin XCConfigurationList section */
		33AA2B522562B43100AD8336 /* Build configuration list for PBXProject "16.11_TvShows_MVController" */ = {
			isa = XCConfigurationList;
			buildConfigurations = (
				33AA2B692562B43300AD8336 /* Debug */,
				33AA2B6A2562B43300AD8336 /* Release */,
			);
			defaultConfigurationIsVisible = 0;
			defaultConfigurationName = Release;
		};
		33AA2B6B2562B43300AD8336 /* Build configuration list for PBXNativeTarget "16.11_TvShows_MVController" */ = {
			isa = XCConfigurationList;
			buildConfigurations = (
				33AA2B6C2562B43300AD8336 /* Debug */,
				33AA2B6D2562B43300AD8336 /* Release */,
			);
			defaultConfigurationIsVisible = 0;
			defaultConfigurationName = Release;
		};
/* End XCConfigurationList section */
	};
	rootObject = 33AA2B4F2562B43100AD8336 /* Project object */;
}
