// !$*UTF8*$!
{
	archiveVersion = 1;
	classes = {
	};
	objectVersion = 50;
	objects = {

/* Begin PBXBuildFile section */
		334D7CEB25214A2300AAF85C /* BookDetailViewController.swift in Sources */ = {isa = PBXBuildFile; fileRef = 334D7CEA25214A2300AAF85C /* BookDetailViewController.swift */; };
		334D7CEF25214A3E00AAF85C /* BookDetail.storyboard in Resources */ = {isa = PBXBuildFile; fileRef = 334D7CEE25214A3E00AAF85C /* BookDetail.storyboard */; };
		3356C4A925213CB300B32E33 /* AppDelegate.swift in Sources */ = {isa = PBXBuildFile; fileRef = 3356C4A825213CB300B32E33 /* AppDelegate.swift */; };
		3356C4AB25213CB300B32E33 /* SceneDelegate.swift in Sources */ = {isa = PBXBuildFile; fileRef = 3356C4AA25213CB300B32E33 /* SceneDelegate.swift */; };
		3356C4AD25213CB300B32E33 /* ViewController.swift in Sources */ = {isa = PBXBuildFile; fileRef = 3356C4AC25213CB300B32E33 /* ViewController.swift */; };
		3356C4B025213CB300B32E33 /* Main.storyboard in Resources */ = {isa = PBXBuildFile; fileRef = 3356C4AE25213CB300B32E33 /* Main.storyboard */; };
		3356C4B225213CB300B32E33 /* Assets.xcassets in Resources */ = {isa = PBXBuildFile; fileRef = 3356C4B125213CB300B32E33 /* Assets.xcassets */; };
		3356C4B525213CB300B32E33 /* LaunchScreen.storyboard in Resources */ = {isa = PBXBuildFile; fileRef = 3356C4B325213CB300B32E33 /* LaunchScreen.storyboard */; };
/* End PBXBuildFile section */

/* Begin PBXFileReference section */
		334D7CEA25214A2300AAF85C /* BookDetailViewController.swift */ = {isa = PBXFileReference; lastKnownFileType = sourcecode.swift; path = BookDetailViewController.swift; sourceTree = "<group>"; };
		334D7CEE25214A3E00AAF85C /* BookDetail.storyboard */ = {isa = PBXFileReference; lastKnownFileType = file.storyboard; path = BookDetail.storyboard; sourceTree = "<group>"; };
		3356C4A525213CB300B32E33 /* 27.09 Table View.app */ = {isa = PBXFileReference; explicitFileType = wrapper.application; includeInIndex = 0; path = "27.09 Table View.app"; sourceTree = BUILT_PRODUCTS_DIR; };
		3356C4A825213CB300B32E33 /* AppDelegate.swift */ = {isa = PBXFileReference; lastKnownFileType = sourcecode.swift; path = AppDelegate.swift; sourceTree = "<group>"; };
		3356C4AA25213CB300B32E33 /* SceneDelegate.swift */ = {isa = PBXFileReference; lastKnownFileType = sourcecode.swift; path = SceneDelegate.swift; sourceTree = "<group>"; };
		3356C4AC25213CB300B32E33 /* ViewController.swift */ = {isa = PBXFileReference; lastKnownFileType = sourcecode.swift; path = ViewController.swift; sourceTree = "<group>"; };
		3356C4AF25213CB300B32E33 /* Base */ = {isa = PBXFileReference; lastKnownFileType = file.storyboard; name = Base; path = Base.lproj/Main.storyboard; sourceTree = "<group>"; };
		3356C4B125213CB300B32E33 /* Assets.xcassets */ = {isa = PBXFileReference; lastKnownFileType = folder.assetcatalog; path = Assets.xcassets; sourceTree = "<group>"; };
		3356C4B425213CB300B32E33 /* Base */ = {isa = PBXFileReference; lastKnownFileType = file.storyboard; name = Base; path = Base.lproj/LaunchScreen.storyboard; sourceTree = "<group>"; };
		3356C4B625213CB300B32E33 /* Info.plist */ = {isa = PBXFileReference; lastKnownFileType = text.plist.xml; path = Info.plist; sourceTree = "<group>"; };
/* End PBXFileReference section */

/* Begin PBXFrameworksBuildPhase section */
		3356C4A225213CB300B32E33 /* Frameworks */ = {
			isa = PBXFrameworksBuildPhase;
			buildActionMask = 2147483647;
			files = (
			);
			runOnlyForDeploymentPostprocessing = 0;
		};
/* End PBXFrameworksBuildPhase section */

/* Begin PBXGroup section */
		334D7CE9252149F300AAF85C /* BookDetail */ = {
			isa = PBXGroup;
			children = (
				334D7CEA25214A2300AAF85C /* BookDetailViewController.swift */,
				334D7CEE25214A3E00AAF85C /* BookDetail.storyboard */,
			);
			path = BookDetail;
			sourceTree = "<group>";
		};
		3356C49C25213CB300B32E33 = {
			isa = PBXGroup;
			children = (
				3356C4A725213CB300B32E33 /* 27.09 Table View */,
				3356C4A625213CB300B32E33 /* Products */,
			);
			sourceTree = "<group>";
		};
		3356C4A625213CB300B32E33 /* Products */ = {
			isa = PBXGroup;
			children = (
				3356C4A525213CB300B32E33 /* 27.09 Table View.app */,
			);
			name = Products;
			sourceTree = "<group>";
		};
		3356C4A725213CB300B32E33 /* 27.09 Table View */ = {
			isa = PBXGroup;
			children = (
				3356C4A825213CB300B32E33 /* AppDelegate.swift */,
				3356C4AA25213CB300B32E33 /* SceneDelegate.swift */,
				3356C4AC25213CB300B32E33 /* ViewController.swift */,
				3356C4AE25213CB300B32E33 /* Main.storyboard */,
				3356C4B125213CB300B32E33 /* Assets.xcassets */,
				334D7CE9252149F300AAF85C /* BookDetail */,
				3356C4B325213CB300B32E33 /* LaunchScreen.storyboard */,
				3356C4B625213CB300B32E33 /* Info.plist */,
			);
			path = "27.09 Table View";
			sourceTree = "<group>";
		};
/* End PBXGroup section */

/* Begin PBXNativeTarget section */
		3356C4A425213CB300B32E33 /* 27.09 Table View */ = {
			isa = PBXNativeTarget;
			buildConfigurationList = 3356C4B925213CB300B32E33 /* Build configuration list for PBXNativeTarget "27.09 Table View" */;
			buildPhases = (
				3356C4A125213CB300B32E33 /* Sources */,
				3356C4A225213CB300B32E33 /* Frameworks */,
				3356C4A325213CB300B32E33 /* Resources */,
			);
			buildRules = (
			);
			dependencies = (
			);
			name = "27.09 Table View";
			productName = "27.09 Table View";
			productReference = 3356C4A525213CB300B32E33 /* 27.09 Table View.app */;
			productType = "com.apple.product-type.application";
		};
/* End PBXNativeTarget section */

/* Begin PBXProject section */
		3356C49D25213CB300B32E33 /* Project object */ = {
			isa = PBXProject;
			attributes = {
				LastSwiftUpdateCheck = 1200;
				LastUpgradeCheck = 1200;
				TargetAttributes = {
					3356C4A425213CB300B32E33 = {
						CreatedOnToolsVersion = 12.0.1;
					};
				};
			};
			buildConfigurationList = 3356C4A025213CB300B32E33 /* Build configuration list for PBXProject "27.09 Table View" */;
			compatibilityVersion = "Xcode 9.3";
			developmentRegion = en;
			hasScannedForEncodings = 0;
			knownRegions = (
				en,
				Base,
			);
			mainGroup = 3356C49C25213CB300B32E33;
			productRefGroup = 3356C4A625213CB300B32E33 /* Products */;
			projectDirPath = "";
			projectRoot = "";
			targets = (
				3356C4A425213CB300B32E33 /* 27.09 Table View */,
			);
		};
/* End PBXProject section */

/* Begin PBXResourcesBuildPhase section */
		3356C4A325213CB300B32E33 /* Resources */ = {
			isa = PBXResourcesBuildPhase;
			buildActionMask = 2147483647;
			files = (
				3356C4B525213CB300B32E33 /* LaunchScreen.storyboard in Resources */,
				3356C4B225213CB300B32E33 /* Assets.xcassets in Resources */,
				334D7CEF25214A3E00AAF85C /* BookDetail.storyboard in Resources */,
				3356C4B025213CB300B32E33 /* Main.storyboard in Resources */,
			);
			runOnlyForDeploymentPostprocessing = 0;
		};
/* End PBXResourcesBuildPhase section */

/* Begin PBXSourcesBuildPhase section */
		3356C4A125213CB300B32E33 /* Sources */ = {
			isa = PBXSourcesBuildPhase;
			buildActionMask = 2147483647;
			files = (
				3356C4AD25213CB300B32E33 /* ViewController.swift in Sources */,
				3356C4A925213CB300B32E33 /* AppDelegate.swift in Sources */,
				334D7CEB25214A2300AAF85C /* BookDetailViewController.swift in Sources */,
				3356C4AB25213CB300B32E33 /* SceneDelegate.swift in Sources */,
			);
			runOnlyForDeploymentPostprocessing = 0;
		};
/* End PBXSourcesBuildPhase section */

/* Begin PBXVariantGroup section */
		3356C4AE25213CB300B32E33 /* Main.storyboard */ = {
			isa = PBXVariantGroup;
			children = (
				3356C4AF25213CB300B32E33 /* Base */,
			);
			name = Main.storyboard;
			sourceTree = "<group>";
		};
		3356C4B325213CB300B32E33 /* LaunchScreen.storyboard */ = {
			isa = PBXVariantGroup;
			children = (
				3356C4B425213CB300B32E33 /* Base */,
			);
			name = LaunchScreen.storyboard;
			sourceTree = "<group>";
		};
/* End PBXVariantGroup section */

/* Begin XCBuildConfiguration section */
		3356C4B725213CB300B32E33 /* Debug */ = {
			isa = XCBuildConfiguration;
			buildSettings = {
				ALWAYS_SEARCH_USER_PATHS = NO;
				CLANG_ANALYZER_NONNULL = YES;
				CLANG_ANALYZER_NUMBER_OBJECT_CONVERSION = YES_AGGRESSIVE;
				CLANG_CXX_LANGUAGE_STANDARD = "gnu++14";
				CLANG_CXX_LIBRARY = "libc++";
				CLANG_ENABLE_MODULES = YES;
				CLANG_ENABLE_OBJC_ARC = YES;
				CLANG_ENABLE_OBJC_WEAK = YES;
				CLANG_WARN_BLOCK_CAPTURE_AUTORELEASING = YES;
				CLANG_WARN_BOOL_CONVERSION = YES;
				CLANG_WARN_COMMA = YES;
				CLANG_WARN_CONSTANT_CONVERSION = YES;
				CLANG_WARN_DEPRECATED_OBJC_IMPLEMENTATIONS = YES;
				CLANG_WARN_DIRECT_OBJC_ISA_USAGE = YES_ERROR;
				CLANG_WARN_DOCUMENTATION_COMMENTS = YES;
				CLANG_WARN_EMPTY_BODY = YES;
				CLANG_WARN_ENUM_CONVERSION = YES;
				CLANG_WARN_INFINITE_RECURSION = YES;
				CLANG_WARN_INT_CONVERSION = YES;
				CLANG_WARN_NON_LITERAL_NULL_CONVERSION = YES;
				CLANG_WARN_OBJC_IMPLICIT_RETAIN_SELF = YES;
				CLANG_WARN_OBJC_LITERAL_CONVERSION = YES;
				CLANG_WARN_OBJC_ROOT_CLASS = YES_ERROR;
				CLANG_WARN_QUOTED_INCLUDE_IN_FRAMEWORK_HEADER = YES;
				CLANG_WARN_RANGE_LOOP_ANALYSIS = YES;
				CLANG_WARN_STRICT_PROTOTYPES = YES;
				CLANG_WARN_SUSPICIOUS_MOVE = YES;
				CLANG_WARN_UNGUARDED_AVAILABILITY = YES_AGGRESSIVE;
				CLANG_WARN_UNREACHABLE_CODE = YES;
				CLANG_WARN__DUPLICATE_METHOD_MATCH = YES;
				COPY_PHASE_STRIP = NO;
				DEBUG_INFORMATION_FORMAT = dwarf;
				ENABLE_STRICT_OBJC_MSGSEND = YES;
				ENABLE_TESTABILITY = YES;
				GCC_C_LANGUAGE_STANDARD = gnu11;
				GCC_DYNAMIC_NO_PIC = NO;
				GCC_NO_COMMON_BLOCKS = YES;
				GCC_OPTIMIZATION_LEVEL = 0;
				GCC_PREPROCESSOR_DEFINITIONS = (
					"DEBUG=1",
					"$(inherited)",
				);
				GCC_WARN_64_TO_32_BIT_CONVERSION = YES;
				GCC_WARN_ABOUT_RETURN_TYPE = YES_ERROR;
				GCC_WARN_UNDECLARED_SELECTOR = YES;
				GCC_WARN_UNINITIALIZED_AUTOS = YES_AGGRESSIVE;
				GCC_WARN_UNUSED_FUNCTION = YES;
				GCC_WARN_UNUSED_VARIABLE = YES;
				IPHONEOS_DEPLOYMENT_TARGET = 14.0;
				MTL_ENABLE_DEBUG_INFO = INCLUDE_SOURCE;
				MTL_FAST_MATH = YES;
				ONLY_ACTIVE_ARCH = YES;
				SDKROOT = iphoneos;
				SWIFT_ACTIVE_COMPILATION_CONDITIONS = DEBUG;
				SWIFT_OPTIMIZATION_LEVEL = "-Onone";
			};
			name = Debug;
		};
		3356C4B825213CB300B32E33 /* Release */ = {
			isa = XCBuildConfiguration;
			buildSettings = {
				ALWAYS_SEARCH_USER_PATHS = NO;
				CLANG_ANALYZER_NONNULL = YES;
				CLANG_ANALYZER_NUMBER_OBJECT_CONVERSION = YES_AGGRESSIVE;
				CLANG_CXX_LANGUAGE_STANDARD = "gnu++14";
				CLANG_CXX_LIBRARY = "libc++";
				CLANG_ENABLE_MODULES = YES;
				CLANG_ENABLE_OBJC_ARC = YES;
				CLANG_ENABLE_OBJC_WEAK = YES;
				CLANG_WARN_BLOCK_CAPTURE_AUTORELEASING = YES;
				CLANG_WARN_BOOL_CONVERSION = YES;
				CLANG_WARN_COMMA = YES;
				CLANG_WARN_CONSTANT_CONVERSION = YES;
				CLANG_WARN_DEPRECATED_OBJC_IMPLEMENTATIONS = YES;
				CLANG_WARN_DIRECT_OBJC_ISA_USAGE = YES_ERROR;
				CLANG_WARN_DOCUMENTATION_COMMENTS = YES;
				CLANG_WARN_EMPTY_BODY = YES;
				CLANG_WARN_ENUM_CONVERSION = YES;
				CLANG_WARN_INFINITE_RECURSION = YES;
				CLANG_WARN_INT_CONVERSION = YES;
				CLANG_WARN_NON_LITERAL_NULL_CONVERSION = YES;
				CLANG_WARN_OBJC_IMPLICIT_RETAIN_SELF = YES;
				CLANG_WARN_OBJC_LITERAL_CONVERSION = YES;
				CLANG_WARN_OBJC_ROOT_CLASS = YES_ERROR;
				CLANG_WARN_QUOTED_INCLUDE_IN_FRAMEWORK_HEADER = YES;
				CLANG_WARN_RANGE_LOOP_ANALYSIS = YES;
				CLANG_WARN_STRICT_PROTOTYPES = YES;
				CLANG_WARN_SUSPICIOUS_MOVE = YES;
				CLANG_WARN_UNGUARDED_AVAILABILITY = YES_AGGRESSIVE;
				CLANG_WARN_UNREACHABLE_CODE = YES;
				CLANG_WARN__DUPLICATE_METHOD_MATCH = YES;
				COPY_PHASE_STRIP = NO;
				DEBUG_INFORMATION_FORMAT = "dwarf-with-dsym";
				ENABLE_NS_ASSERTIONS = NO;
				ENABLE_STRICT_OBJC_MSGSEND = YES;
				GCC_C_LANGUAGE_STANDARD = gnu11;
				GCC_NO_COMMON_BLOCKS = YES;
				GCC_WARN_64_TO_32_BIT_CONVERSION = YES;
				GCC_WARN_ABOUT_RETURN_TYPE = YES_ERROR;
				GCC_WARN_UNDECLARED_SELECTOR = YES;
				GCC_WARN_UNINITIALIZED_AUTOS = YES_AGGRESSIVE;
				GCC_WARN_UNUSED_FUNCTION = YES;
				GCC_WARN_UNUSED_VARIABLE = YES;
				IPHONEOS_DEPLOYMENT_TARGET = 14.0;
				MTL_ENABLE_DEBUG_INFO = NO;
				MTL_FAST_MATH = YES;
				SDKROOT = iphoneos;
				SWIFT_COMPILATION_MODE = wholemodule;
				SWIFT_OPTIMIZATION_LEVEL = "-O";
				VALIDATE_PRODUCT = YES;
			};
			name = Release;
		};
		3356C4BA25213CB300B32E33 /* Debug */ = {
			isa = XCBuildConfiguration;
			buildSettings = {
				ASSETCATALOG_COMPILER_APPICON_NAME = AppIcon;
				ASSETCATALOG_COMPILER_GLOBAL_ACCENT_COLOR_NAME = AccentColor;
				CODE_SIGN_STYLE = Automatic;
				INFOPLIST_FILE = "27.09 Table View/Info.plist";
				LD_RUNPATH_SEARCH_PATHS = (
					"$(inherited)",
					"@executable_path/Frameworks",
				);
				PRODUCT_BUNDLE_IDENTIFIER = "dominiquenb.-7-09-Table-View";
				PRODUCT_NAME = "$(TARGET_NAME)";
				SWIFT_VERSION = 5.0;
				TARGETED_DEVICE_FAMILY = "1,2";
			};
			name = Debug;
		};
		3356C4BB25213CB300B32E33 /* Release */ = {
			isa = XCBuildConfiguration;
			buildSettings = {
				ASSETCATALOG_COMPILER_APPICON_NAME = AppIcon;
				ASSETCATALOG_COMPILER_GLOBAL_ACCENT_COLOR_NAME = AccentColor;
				CODE_SIGN_STYLE = Automatic;
				INFOPLIST_FILE = "27.09 Table View/Info.plist";
				LD_RUNPATH_SEARCH_PATHS = (
					"$(inherited)",
					"@executable_path/Frameworks",
				);
				PRODUCT_BUNDLE_IDENTIFIER = "dominiquenb.-7-09-Table-View";
				PRODUCT_NAME = "$(TARGET_NAME)";
				SWIFT_VERSION = 5.0;
				TARGETED_DEVICE_FAMILY = "1,2";
			};
			name = Release;
		};
/* End XCBuildConfiguration section */

/* Begin XCConfigurationList section */
		3356C4A025213CB300B32E33 /* Build configuration list for PBXProject "27.09 Table View" */ = {
			isa = XCConfigurationList;
			buildConfigurations = (
				3356C4B725213CB300B32E33 /* Debug */,
				3356C4B825213CB300B32E33 /* Release */,
			);
			defaultConfigurationIsVisible = 0;
			defaultConfigurationName = Release;
		};
		3356C4B925213CB300B32E33 /* Build configuration list for PBXNativeTarget "27.09 Table View" */ = {
			isa = XCConfigurationList;
			buildConfigurations = (
				3356C4BA25213CB300B32E33 /* Debug */,
				3356C4BB25213CB300B32E33 /* Release */,
			);
			defaultConfigurationIsVisible = 0;
			defaultConfigurationName = Release;
		};
/* End XCConfigurationList section */
	};
	rootObject = 3356C49D25213CB300B32E33 /* Project object */;
}
